// !$*UTF8*$!
{
	archiveVersion = 1;
	classes = {
	};
	objectVersion = 46;
	objects = {

/* Begin PBXBuildFile section */
		6429F2C41716EB3C0030E932 /* NSString+UUID.m in Sources */ = {isa = PBXBuildFile; fileRef = 6429F2C31716EB3C0030E932 /* NSString+UUID.m */; };
		6429F2C51716EB3C0030E932 /* NSString+UUID.m in Sources */ = {isa = PBXBuildFile; fileRef = 6429F2C31716EB3C0030E932 /* NSString+UUID.m */; };
		642D29CF1721470400006FC1 /* IAMFilesystemSyncController.m in Sources */ = {isa = PBXBuildFile; fileRef = 642D29CE1721470400006FC1 /* IAMFilesystemSyncController.m */; };
		643BA048173BFA4600A6C437 /* IAmMine.xcdatamodeld in Sources */ = {isa = PBXBuildFile; fileRef = 64EA627016F71E1400F4838E /* IAmMine.xcdatamodeld */; };
		643BA04C173C52C100A6C437 /* document-icon.icns in Resources */ = {isa = PBXBuildFile; fileRef = 643BA04B173C52C100A6C437 /* document-icon.icns */; };
		643BA050173D26E300A6C437 /* IAMOpenWithWC.m in Sources */ = {isa = PBXBuildFile; fileRef = 643BA04E173D26E300A6C437 /* IAMOpenWithWC.m */; };
		643BA051173D26E300A6C437 /* IAMOpenWithWC.xib in Resources */ = {isa = PBXBuildFile; fileRef = 643BA04F173D26E300A6C437 /* IAMOpenWithWC.xib */; };
		644AC25B17257FE4007B51FF /* IAMTableUIWindowController.m in Sources */ = {isa = PBXBuildFile; fileRef = 644AC25917257FE4007B51FF /* IAMTableUIWindowController.m */; };
		644AC25C17257FE4007B51FF /* IAMTableUIWindowController.xib in Resources */ = {isa = PBXBuildFile; fileRef = 644AC25A17257FE4007B51FF /* IAMTableUIWindowController.xib */; };
		644AC26117258273007B51FF /* plus.png in Resources */ = {isa = PBXBuildFile; fileRef = 644AC25F17258273007B51FF /* plus.png */; };
		644AC26217258273007B51FF /* plus@2x.png in Resources */ = {isa = PBXBuildFile; fileRef = 644AC26017258273007B51FF /* plus@2x.png */; };
		644AC265172584A0007B51FF /* edit.png in Resources */ = {isa = PBXBuildFile; fileRef = 644AC263172584A0007B51FF /* edit.png */; };
		644AC266172584A0007B51FF /* edit@2x.png in Resources */ = {isa = PBXBuildFile; fileRef = 644AC264172584A0007B51FF /* edit@2x.png */; };
		644AC2691725855B007B51FF /* delete.png in Resources */ = {isa = PBXBuildFile; fileRef = 644AC2671725855B007B51FF /* delete.png */; };
		644AC26A1725855B007B51FF /* delete@2x.png in Resources */ = {isa = PBXBuildFile; fileRef = 644AC2681725855B007B51FF /* delete@2x.png */; };
		644AC26D17258645007B51FF /* prefs.png in Resources */ = {isa = PBXBuildFile; fileRef = 644AC26B17258645007B51FF /* prefs.png */; };
		644AC26E17258645007B51FF /* prefs@2x.png in Resources */ = {isa = PBXBuildFile; fileRef = 644AC26C17258645007B51FF /* prefs@2x.png */; };
		644AC2741726C343007B51FF /* IAMCollectionItemView.m in Sources */ = {isa = PBXBuildFile; fileRef = 644AC2731726C343007B51FF /* IAMCollectionItemView.m */; };
		644AC2781726CFAC007B51FF /* IAMPrefsWindowController.m in Sources */ = {isa = PBXBuildFile; fileRef = 644AC2761726CFAB007B51FF /* IAMPrefsWindowController.m */; };
		644AC2791726CFAC007B51FF /* IAMPrefsWindowController.xib in Resources */ = {isa = PBXBuildFile; fileRef = 644AC2771726CFAB007B51FF /* IAMPrefsWindowController.xib */; };
		6499CA26173D51E2004230E7 /* GTPiwikAddOn.m in Sources */ = {isa = PBXBuildFile; fileRef = 6499CA25173D51E2004230E7 /* GTPiwikAddOn.m */; };
		6499CA38173D51EB004230E7 /* PiwikTracker.m in Sources */ = {isa = PBXBuildFile; fileRef = 6499CA29173D51EB004230E7 /* PiwikTracker.m */; };
		6499CA39173D51EB004230E7 /* PiwikTracker.xcdatamodeld in Sources */ = {isa = PBXBuildFile; fileRef = 6499CA2A173D51EB004230E7 /* PiwikTracker.xcdatamodeld */; };
		6499CA3A173D51EB004230E7 /* PTCounterDispatchStrategy.m in Sources */ = {isa = PBXBuildFile; fileRef = 6499CA2D173D51EB004230E7 /* PTCounterDispatchStrategy.m */; };
		6499CA3B173D51EB004230E7 /* PTEvent.m in Sources */ = {isa = PBXBuildFile; fileRef = 6499CA2F173D51EB004230E7 /* PTEvent.m */; };
		6499CA3C173D51EB004230E7 /* PTRetryDispatchStrategy.m in Sources */ = {isa = PBXBuildFile; fileRef = 6499CA31173D51EB004230E7 /* PTRetryDispatchStrategy.m */; };
		6499CA3D173D51EB004230E7 /* PTTimerDispatchStrategy.m in Sources */ = {isa = PBXBuildFile; fileRef = 6499CA33173D51EB004230E7 /* PTTimerDispatchStrategy.m */; };
		6499CA3F173D51EB004230E7 /* PTUserAgentReader.m in Sources */ = {isa = PBXBuildFile; fileRef = 6499CA37173D51EB004230E7 /* PTUserAgentReader.m */; };
		64A75591170358BC0085933D /* NSManagedObjectContext+FetchedObjectFromURI.m in Sources */ = {isa = PBXBuildFile; fileRef = 64A75590170358BC0085933D /* NSManagedObjectContext+FetchedObjectFromURI.m */; };
		64CB19281738EEE90014F35F /* WebKit.framework in Frameworks */ = {isa = PBXBuildFile; fileRef = 64CB19271738EEE90014F35F /* WebKit.framework */; };
		64CB192A1738EFF20014F35F /* SystemConfiguration.framework in Frameworks */ = {isa = PBXBuildFile; fileRef = 64CB19291738EFF20014F35F /* SystemConfiguration.framework */; };
		64DE6C291727EDF70031183A /* refresh.png in Resources */ = {isa = PBXBuildFile; fileRef = 64DE6C271727EDF70031183A /* refresh.png */; };
		64DE6C2A1727EDF70031183A /* refresh@2x.png in Resources */ = {isa = PBXBuildFile; fileRef = 64DE6C281727EDF70031183A /* refresh@2x.png */; };
		64EA621016F7110300F4838E /* Cocoa.framework in Frameworks */ = {isa = PBXBuildFile; fileRef = 64EA620F16F7110300F4838E /* Cocoa.framework */; };
		64EA621A16F7110300F4838E /* InfoPlist.strings in Resources */ = {isa = PBXBuildFile; fileRef = 64EA621816F7110300F4838E /* InfoPlist.strings */; };
		64EA621C16F7110300F4838E /* main.m in Sources */ = {isa = PBXBuildFile; fileRef = 64EA621B16F7110300F4838E /* main.m */; };
		64EA622016F7110300F4838E /* Credits.rtf in Resources */ = {isa = PBXBuildFile; fileRef = 64EA621E16F7110300F4838E /* Credits.rtf */; };
		64EA622316F7110300F4838E /* IAMAppDelegate.m in Sources */ = {isa = PBXBuildFile; fileRef = 64EA622216F7110300F4838E /* IAMAppDelegate.m */; };
		64EA622616F7110300F4838E /* MainMenu.xib in Resources */ = {isa = PBXBuildFile; fileRef = 64EA622416F7110300F4838E /* MainMenu.xib */; };
		64EA623116F7110300F4838E /* JanusImporter.mdimporter in Resources */ = {isa = PBXBuildFile; fileRef = 64EA622E16F7110300F4838E /* JanusImporter.mdimporter */; };
		64EA623316F7110300F4838E /* CoreServices.framework in Frameworks */ = {isa = PBXBuildFile; fileRef = 64EA623216F7110300F4838E /* CoreServices.framework */; };
		64EA623516F7110300F4838E /* CoreFoundation.framework in Frameworks */ = {isa = PBXBuildFile; fileRef = 64EA623416F7110300F4838E /* CoreFoundation.framework */; };
		64EA623716F7110300F4838E /* CoreData.framework in Frameworks */ = {isa = PBXBuildFile; fileRef = 64EA623616F7110300F4838E /* CoreData.framework */; };
		64EA623916F7110300F4838E /* Foundation.framework in Frameworks */ = {isa = PBXBuildFile; fileRef = 64EA623816F7110300F4838E /* Foundation.framework */; };
		64EA623F16F7110300F4838E /* InfoPlist.strings in Resources */ = {isa = PBXBuildFile; fileRef = 64EA623D16F7110300F4838E /* InfoPlist.strings */; };
		64EA624116F7110300F4838E /* main.c in Sources */ = {isa = PBXBuildFile; fileRef = 64EA624016F7110300F4838E /* main.c */; };
		64EA624316F7110300F4838E /* GetMetadataForFile.m in Sources */ = {isa = PBXBuildFile; fileRef = 64EA624216F7110300F4838E /* GetMetadataForFile.m */; };
		64EA624616F7110300F4838E /* MySpotlightImporter.m in Sources */ = {isa = PBXBuildFile; fileRef = 64EA624516F7110300F4838E /* MySpotlightImporter.m */; };
		64EA625216F7166700F4838E /* icon.icns in Resources */ = {isa = PBXBuildFile; fileRef = 64EA625116F7166700F4838E /* icon.icns */; };
		64EA627416F71E1400F4838E /* Attachment.m in Sources */ = {isa = PBXBuildFile; fileRef = 64EA626D16F71E1400F4838E /* Attachment.m */; };
		64EA627516F71E1400F4838E /* CoreDataController.m in Sources */ = {isa = PBXBuildFile; fileRef = 64EA626F16F71E1400F4838E /* CoreDataController.m */; };
		64EA627616F71E1400F4838E /* IAmMine.xcdatamodeld in Sources */ = {isa = PBXBuildFile; fileRef = 64EA627016F71E1400F4838E /* IAmMine.xcdatamodeld */; };
		64EA627716F71E1400F4838E /* Note.m in Sources */ = {isa = PBXBuildFile; fileRef = 64EA627316F71E1400F4838E /* Note.m */; };
		64EA627B16F71E8A00F4838E /* NSDate+PassedTime.m in Sources */ = {isa = PBXBuildFile; fileRef = 64EA627A16F71E8A00F4838E /* NSDate+PassedTime.m */; };
		64EA628516F75E0000F4838E /* IAMNoteEditorWC.m in Sources */ = {isa = PBXBuildFile; fileRef = 64EA628316F75E0000F4838E /* IAMNoteEditorWC.m */; };
		64EA628616F75E0000F4838E /* IAMNoteEditorWC.xib in Resources */ = {isa = PBXBuildFile; fileRef = 64EA628416F75E0000F4838E /* IAMNoteEditorWC.xib */; };
/* End PBXBuildFile section */

/* Begin PBXContainerItemProxy section */
		64EA622F16F7110300F4838E /* PBXContainerItemProxy */ = {
			isa = PBXContainerItemProxy;
			containerPortal = 64EA620416F7110300F4838E /* Project object */;
			proxyType = 1;
			remoteGlobalIDString = 64EA622D16F7110300F4838E;
			remoteInfo = JanusImporter;
		};
/* End PBXContainerItemProxy section */

/* Begin PBXFileReference section */
		6429F2C21716EB3C0030E932 /* NSString+UUID.h */ = {isa = PBXFileReference; fileEncoding = 4; lastKnownFileType = sourcecode.c.h; name = "NSString+UUID.h"; path = "../common/Utilitites/NSString+UUID.h"; sourceTree = "<group>"; };
		6429F2C31716EB3C0030E932 /* NSString+UUID.m */ = {isa = PBXFileReference; fileEncoding = 4; lastKnownFileType = sourcecode.c.objc; name = "NSString+UUID.m"; path = "../common/Utilitites/NSString+UUID.m"; sourceTree = "<group>"; };
		642D29CD1721470400006FC1 /* IAMFilesystemSyncController.h */ = {isa = PBXFileReference; fileEncoding = 4; lastKnownFileType = sourcecode.c.h; path = IAMFilesystemSyncController.h; sourceTree = "<group>"; };
		642D29CE1721470400006FC1 /* IAMFilesystemSyncController.m */ = {isa = PBXFileReference; fileEncoding = 4; lastKnownFileType = sourcecode.c.objc; path = IAMFilesystemSyncController.m; sourceTree = "<group>"; };
		643BA04B173C52C100A6C437 /* document-icon.icns */ = {isa = PBXFileReference; lastKnownFileType = image.icns; path = "document-icon.icns"; sourceTree = "<group>"; };
		643BA04D173D26E300A6C437 /* IAMOpenWithWC.h */ = {isa = PBXFileReference; fileEncoding = 4; lastKnownFileType = sourcecode.c.h; path = IAMOpenWithWC.h; sourceTree = "<group>"; };
		643BA04E173D26E300A6C437 /* IAMOpenWithWC.m */ = {isa = PBXFileReference; fileEncoding = 4; lastKnownFileType = sourcecode.c.objc; path = IAMOpenWithWC.m; sourceTree = "<group>"; };
		643BA04F173D26E300A6C437 /* IAMOpenWithWC.xib */ = {isa = PBXFileReference; fileEncoding = 4; lastKnownFileType = file.xib; path = IAMOpenWithWC.xib; sourceTree = "<group>"; };
		644AC25817257FE4007B51FF /* IAMTableUIWindowController.h */ = {isa = PBXFileReference; fileEncoding = 4; lastKnownFileType = sourcecode.c.h; path = IAMTableUIWindowController.h; sourceTree = "<group>"; };
		644AC25917257FE4007B51FF /* IAMTableUIWindowController.m */ = {isa = PBXFileReference; fileEncoding = 4; lastKnownFileType = sourcecode.c.objc; path = IAMTableUIWindowController.m; sourceTree = "<group>"; };
		644AC25A17257FE4007B51FF /* IAMTableUIWindowController.xib */ = {isa = PBXFileReference; fileEncoding = 4; lastKnownFileType = file.xib; path = IAMTableUIWindowController.xib; sourceTree = "<group>"; };
		644AC25F17258273007B51FF /* plus.png */ = {isa = PBXFileReference; lastKnownFileType = image.png; name = plus.png; path = Buttons/plus.png; sourceTree = "<group>"; };
		644AC26017258273007B51FF /* plus@2x.png */ = {isa = PBXFileReference; lastKnownFileType = image.png; name = "plus@2x.png"; path = "Buttons/plus@2x.png"; sourceTree = "<group>"; };
		644AC263172584A0007B51FF /* edit.png */ = {isa = PBXFileReference; lastKnownFileType = image.png; name = edit.png; path = Buttons/edit.png; sourceTree = "<group>"; };
		644AC264172584A0007B51FF /* edit@2x.png */ = {isa = PBXFileReference; lastKnownFileType = image.png; name = "edit@2x.png"; path = "Buttons/edit@2x.png"; sourceTree = "<group>"; };
		644AC2671725855B007B51FF /* delete.png */ = {isa = PBXFileReference; lastKnownFileType = image.png; name = delete.png; path = Buttons/delete.png; sourceTree = "<group>"; };
		644AC2681725855B007B51FF /* delete@2x.png */ = {isa = PBXFileReference; lastKnownFileType = image.png; name = "delete@2x.png"; path = "Buttons/delete@2x.png"; sourceTree = "<group>"; };
		644AC26B17258645007B51FF /* prefs.png */ = {isa = PBXFileReference; lastKnownFileType = image.png; name = prefs.png; path = Buttons/prefs.png; sourceTree = "<group>"; };
		644AC26C17258645007B51FF /* prefs@2x.png */ = {isa = PBXFileReference; lastKnownFileType = image.png; name = "prefs@2x.png"; path = "Buttons/prefs@2x.png"; sourceTree = "<group>"; };
		644AC2721726C343007B51FF /* IAMCollectionItemView.h */ = {isa = PBXFileReference; fileEncoding = 4; lastKnownFileType = sourcecode.c.h; path = IAMCollectionItemView.h; sourceTree = "<group>"; };
		644AC2731726C343007B51FF /* IAMCollectionItemView.m */ = {isa = PBXFileReference; fileEncoding = 4; lastKnownFileType = sourcecode.c.objc; path = IAMCollectionItemView.m; sourceTree = "<group>"; };
		644AC2751726CFAB007B51FF /* IAMPrefsWindowController.h */ = {isa = PBXFileReference; fileEncoding = 4; lastKnownFileType = sourcecode.c.h; path = IAMPrefsWindowController.h; sourceTree = "<group>"; };
		644AC2761726CFAB007B51FF /* IAMPrefsWindowController.m */ = {isa = PBXFileReference; fileEncoding = 4; lastKnownFileType = sourcecode.c.objc; path = IAMPrefsWindowController.m; sourceTree = "<group>"; };
		644AC2771726CFAB007B51FF /* IAMPrefsWindowController.xib */ = {isa = PBXFileReference; fileEncoding = 4; lastKnownFileType = file.xib; path = IAMPrefsWindowController.xib; sourceTree = "<group>"; };
		6499CA24173D51E2004230E7 /* GTPiwikAddOn.h */ = {isa = PBXFileReference; fileEncoding = 4; lastKnownFileType = sourcecode.c.h; name = GTPiwikAddOn.h; path = ../common/Utilitites/GTPiwikAddOn.h; sourceTree = "<group>"; };
		6499CA25173D51E2004230E7 /* GTPiwikAddOn.m */ = {isa = PBXFileReference; fileEncoding = 4; lastKnownFileType = sourcecode.c.objc; name = GTPiwikAddOn.m; path = ../common/Utilitites/GTPiwikAddOn.m; sourceTree = "<group>"; };
		6499CA28173D51EB004230E7 /* PiwikTracker.h */ = {isa = PBXFileReference; fileEncoding = 4; lastKnownFileType = sourcecode.c.h; path = PiwikTracker.h; sourceTree = "<group>"; };
		6499CA29173D51EB004230E7 /* PiwikTracker.m */ = {isa = PBXFileReference; fileEncoding = 4; lastKnownFileType = sourcecode.c.objc; path = PiwikTracker.m; sourceTree = "<group>"; };
		6499CA2B173D51EB004230E7 /* PiwikTracker.xcdatamodel */ = {isa = PBXFileReference; lastKnownFileType = wrapper.xcdatamodel; path = PiwikTracker.xcdatamodel; sourceTree = "<group>"; };
		6499CA2C173D51EB004230E7 /* PTCounterDispatchStrategy.h */ = {isa = PBXFileReference; fileEncoding = 4; lastKnownFileType = sourcecode.c.h; path = PTCounterDispatchStrategy.h; sourceTree = "<group>"; };
		6499CA2D173D51EB004230E7 /* PTCounterDispatchStrategy.m */ = {isa = PBXFileReference; fileEncoding = 4; lastKnownFileType = sourcecode.c.objc; path = PTCounterDispatchStrategy.m; sourceTree = "<group>"; };
		6499CA2E173D51EB004230E7 /* PTEvent.h */ = {isa = PBXFileReference; fileEncoding = 4; lastKnownFileType = sourcecode.c.h; path = PTEvent.h; sourceTree = "<group>"; };
		6499CA2F173D51EB004230E7 /* PTEvent.m */ = {isa = PBXFileReference; fileEncoding = 4; lastKnownFileType = sourcecode.c.objc; path = PTEvent.m; sourceTree = "<group>"; };
		6499CA30173D51EB004230E7 /* PTRetryDispatchStrategy.h */ = {isa = PBXFileReference; fileEncoding = 4; lastKnownFileType = sourcecode.c.h; path = PTRetryDispatchStrategy.h; sourceTree = "<group>"; };
		6499CA31173D51EB004230E7 /* PTRetryDispatchStrategy.m */ = {isa = PBXFileReference; fileEncoding = 4; lastKnownFileType = sourcecode.c.objc; path = PTRetryDispatchStrategy.m; sourceTree = "<group>"; };
		6499CA32173D51EB004230E7 /* PTTimerDispatchStrategy.h */ = {isa = PBXFileReference; fileEncoding = 4; lastKnownFileType = sourcecode.c.h; path = PTTimerDispatchStrategy.h; sourceTree = "<group>"; };
		6499CA33173D51EB004230E7 /* PTTimerDispatchStrategy.m */ = {isa = PBXFileReference; fileEncoding = 4; lastKnownFileType = sourcecode.c.objc; path = PTTimerDispatchStrategy.m; sourceTree = "<group>"; };
		6499CA36173D51EB004230E7 /* PTUserAgentReader.h */ = {isa = PBXFileReference; fileEncoding = 4; lastKnownFileType = sourcecode.c.h; path = PTUserAgentReader.h; sourceTree = "<group>"; };
		6499CA37173D51EB004230E7 /* PTUserAgentReader.m */ = {isa = PBXFileReference; fileEncoding = 4; lastKnownFileType = sourcecode.c.objc; path = PTUserAgentReader.m; sourceTree = "<group>"; };
		64A1D4EC16FC9F7C00E50CC1 /* Janus.entitlements */ = {isa = PBXFileReference; lastKnownFileType = text.xml; path = Janus.entitlements; sourceTree = "<group>"; };
		64A7558F170358BC0085933D /* NSManagedObjectContext+FetchedObjectFromURI.h */ = {isa = PBXFileReference; fileEncoding = 4; lastKnownFileType = sourcecode.c.h; name = "NSManagedObjectContext+FetchedObjectFromURI.h"; path = "../common/iCloud/NSManagedObjectContext+FetchedObjectFromURI.h"; sourceTree = "<group>"; };
		64A75590170358BC0085933D /* NSManagedObjectContext+FetchedObjectFromURI.m */ = {isa = PBXFileReference; fileEncoding = 4; lastKnownFileType = sourcecode.c.objc; name = "NSManagedObjectContext+FetchedObjectFromURI.m"; path = "../common/iCloud/NSManagedObjectContext+FetchedObjectFromURI.m"; sourceTree = "<group>"; };
		64CB19271738EEE90014F35F /* WebKit.framework */ = {isa = PBXFileReference; lastKnownFileType = wrapper.framework; name = WebKit.framework; path = System/Library/Frameworks/WebKit.framework; sourceTree = SDKROOT; };
		64CB19291738EFF20014F35F /* SystemConfiguration.framework */ = {isa = PBXFileReference; lastKnownFileType = wrapper.framework; name = SystemConfiguration.framework; path = System/Library/Frameworks/SystemConfiguration.framework; sourceTree = SDKROOT; };
		64DE6C271727EDF70031183A /* refresh.png */ = {isa = PBXFileReference; lastKnownFileType = image.png; name = refresh.png; path = Buttons/refresh.png; sourceTree = "<group>"; };
		64DE6C281727EDF70031183A /* refresh@2x.png */ = {isa = PBXFileReference; lastKnownFileType = image.png; name = "refresh@2x.png"; path = "Buttons/refresh@2x.png"; sourceTree = "<group>"; };
		64EA620C16F7110300F4838E /* Janus.app */ = {isa = PBXFileReference; explicitFileType = wrapper.application; includeInIndex = 0; path = Janus.app; sourceTree = BUILT_PRODUCTS_DIR; };
		64EA620F16F7110300F4838E /* Cocoa.framework */ = {isa = PBXFileReference; lastKnownFileType = wrapper.framework; name = Cocoa.framework; path = System/Library/Frameworks/Cocoa.framework; sourceTree = SDKROOT; };
		64EA621216F7110300F4838E /* AppKit.framework */ = {isa = PBXFileReference; lastKnownFileType = wrapper.framework; name = AppKit.framework; path = System/Library/Frameworks/AppKit.framework; sourceTree = SDKROOT; };
		64EA621316F7110300F4838E /* CoreData.framework */ = {isa = PBXFileReference; lastKnownFileType = wrapper.framework; name = CoreData.framework; path = System/Library/Frameworks/CoreData.framework; sourceTree = SDKROOT; };
		64EA621416F7110300F4838E /* Foundation.framework */ = {isa = PBXFileReference; lastKnownFileType = wrapper.framework; name = Foundation.framework; path = System/Library/Frameworks/Foundation.framework; sourceTree = SDKROOT; };
		64EA621716F7110300F4838E /* Janus-Info.plist */ = {isa = PBXFileReference; lastKnownFileType = text.plist.xml; path = "Janus-Info.plist"; sourceTree = "<group>"; };
		64EA621916F7110300F4838E /* en */ = {isa = PBXFileReference; lastKnownFileType = text.plist.strings; name = en; path = en.lproj/InfoPlist.strings; sourceTree = "<group>"; };
		64EA621B16F7110300F4838E /* main.m */ = {isa = PBXFileReference; lastKnownFileType = sourcecode.c.objc; path = main.m; sourceTree = "<group>"; };
		64EA621D16F7110300F4838E /* Janus-Prefix.pch */ = {isa = PBXFileReference; lastKnownFileType = sourcecode.c.h; path = "Janus-Prefix.pch"; sourceTree = "<group>"; };
		64EA621F16F7110300F4838E /* en */ = {isa = PBXFileReference; lastKnownFileType = text.rtf; name = en; path = en.lproj/Credits.rtf; sourceTree = "<group>"; };
		64EA622116F7110300F4838E /* IAMAppDelegate.h */ = {isa = PBXFileReference; lastKnownFileType = sourcecode.c.h; path = IAMAppDelegate.h; sourceTree = "<group>"; };
		64EA622216F7110300F4838E /* IAMAppDelegate.m */ = {isa = PBXFileReference; lastKnownFileType = sourcecode.c.objc; path = IAMAppDelegate.m; sourceTree = "<group>"; };
		64EA622516F7110300F4838E /* en */ = {isa = PBXFileReference; lastKnownFileType = file.xib; name = en; path = en.lproj/MainMenu.xib; sourceTree = "<group>"; };
		64EA622E16F7110300F4838E /* JanusImporter.mdimporter */ = {isa = PBXFileReference; explicitFileType = wrapper.cfbundle; includeInIndex = 0; path = JanusImporter.mdimporter; sourceTree = BUILT_PRODUCTS_DIR; };
		64EA623216F7110300F4838E /* CoreServices.framework */ = {isa = PBXFileReference; lastKnownFileType = wrapper.framework; name = CoreServices.framework; path = System/Library/Frameworks/CoreServices.framework; sourceTree = SDKROOT; };
		64EA623416F7110300F4838E /* CoreFoundation.framework */ = {isa = PBXFileReference; lastKnownFileType = wrapper.framework; name = CoreFoundation.framework; path = System/Library/Frameworks/CoreFoundation.framework; sourceTree = SDKROOT; };
		64EA623616F7110300F4838E /* CoreData.framework */ = {isa = PBXFileReference; lastKnownFileType = wrapper.framework; name = CoreData.framework; path = System/Library/Frameworks/CoreData.framework; sourceTree = SDKROOT; };
		64EA623816F7110300F4838E /* Foundation.framework */ = {isa = PBXFileReference; lastKnownFileType = wrapper.framework; name = Foundation.framework; path = System/Library/Frameworks/Foundation.framework; sourceTree = SDKROOT; };
		64EA623C16F7110300F4838E /* JanusImporter-Info.plist */ = {isa = PBXFileReference; lastKnownFileType = text.plist.xml; path = "JanusImporter-Info.plist"; sourceTree = "<group>"; };
		64EA623E16F7110300F4838E /* en */ = {isa = PBXFileReference; lastKnownFileType = text.plist.strings; name = en; path = en.lproj/InfoPlist.strings; sourceTree = "<group>"; };
		64EA624016F7110300F4838E /* main.c */ = {isa = PBXFileReference; lastKnownFileType = sourcecode.c.c; path = main.c; sourceTree = "<group>"; };
		64EA624216F7110300F4838E /* GetMetadataForFile.m */ = {isa = PBXFileReference; lastKnownFileType = sourcecode.c.objc; path = GetMetadataForFile.m; sourceTree = "<group>"; };
		64EA624416F7110300F4838E /* MySpotlightImporter.h */ = {isa = PBXFileReference; lastKnownFileType = sourcecode.c.h; path = MySpotlightImporter.h; sourceTree = "<group>"; };
		64EA624516F7110300F4838E /* MySpotlightImporter.m */ = {isa = PBXFileReference; lastKnownFileType = sourcecode.c.objc; path = MySpotlightImporter.m; sourceTree = "<group>"; };
		64EA624716F7110300F4838E /* Importer Read Me.txt */ = {isa = PBXFileReference; lastKnownFileType = text; path = "Importer Read Me.txt"; sourceTree = "<group>"; };
		64EA624816F7110300F4838E /* JanusImporter-Prefix.pch */ = {isa = PBXFileReference; lastKnownFileType = sourcecode.c.h; path = "JanusImporter-Prefix.pch"; sourceTree = "<group>"; };
		64EA625116F7166700F4838E /* icon.icns */ = {isa = PBXFileReference; lastKnownFileType = image.icns; name = icon.icns; path = ../icon.icns; sourceTree = "<group>"; };
		64EA626C16F71E1400F4838E /* Attachment.h */ = {isa = PBXFileReference; fileEncoding = 4; lastKnownFileType = sourcecode.c.h; name = Attachment.h; path = ../common/iCloud/Attachment.h; sourceTree = "<group>"; };
		64EA626D16F71E1400F4838E /* Attachment.m */ = {isa = PBXFileReference; fileEncoding = 4; lastKnownFileType = sourcecode.c.objc; name = Attachment.m; path = ../common/iCloud/Attachment.m; sourceTree = "<group>"; };
		64EA626E16F71E1400F4838E /* CoreDataController.h */ = {isa = PBXFileReference; fileEncoding = 4; lastKnownFileType = sourcecode.c.h; name = CoreDataController.h; path = ../common/iCloud/CoreDataController.h; sourceTree = "<group>"; };
		64EA626F16F71E1400F4838E /* CoreDataController.m */ = {isa = PBXFileReference; fileEncoding = 4; lastKnownFileType = sourcecode.c.objc; name = CoreDataController.m; path = ../common/iCloud/CoreDataController.m; sourceTree = "<group>"; };
		64EA627116F71E1400F4838E /* IAmMine.xcdatamodel */ = {isa = PBXFileReference; lastKnownFileType = wrapper.xcdatamodel; path = IAmMine.xcdatamodel; sourceTree = "<group>"; };
		64EA627216F71E1400F4838E /* Note.h */ = {isa = PBXFileReference; fileEncoding = 4; lastKnownFileType = sourcecode.c.h; name = Note.h; path = ../common/iCloud/Note.h; sourceTree = "<group>"; };
		64EA627316F71E1400F4838E /* Note.m */ = {isa = PBXFileReference; fileEncoding = 4; lastKnownFileType = sourcecode.c.objc; name = Note.m; path = ../common/iCloud/Note.m; sourceTree = "<group>"; };
		64EA627916F71E8A00F4838E /* NSDate+PassedTime.h */ = {isa = PBXFileReference; fileEncoding = 4; lastKnownFileType = sourcecode.c.h; name = "NSDate+PassedTime.h"; path = "../common/Utilitites/NSDate+PassedTime.h"; sourceTree = "<group>"; };
		64EA627A16F71E8A00F4838E /* NSDate+PassedTime.m */ = {isa = PBXFileReference; fileEncoding = 4; lastKnownFileType = sourcecode.c.objc; name = "NSDate+PassedTime.m"; path = "../common/Utilitites/NSDate+PassedTime.m"; sourceTree = "<group>"; };
		64EA628216F75E0000F4838E /* IAMNoteEditorWC.h */ = {isa = PBXFileReference; fileEncoding = 4; lastKnownFileType = sourcecode.c.h; path = IAMNoteEditorWC.h; sourceTree = "<group>"; };
		64EA628316F75E0000F4838E /* IAMNoteEditorWC.m */ = {isa = PBXFileReference; fileEncoding = 4; lastKnownFileType = sourcecode.c.objc; path = IAMNoteEditorWC.m; sourceTree = "<group>"; };
		64EA628416F75E0000F4838E /* IAMNoteEditorWC.xib */ = {isa = PBXFileReference; fileEncoding = 4; lastKnownFileType = file.xib; path = IAMNoteEditorWC.xib; sourceTree = "<group>"; };
/* End PBXFileReference section */

/* Begin PBXFrameworksBuildPhase section */
		64EA620916F7110300F4838E /* Frameworks */ = {
			isa = PBXFrameworksBuildPhase;
			buildActionMask = 2147483647;
			files = (
				64CB192A1738EFF20014F35F /* SystemConfiguration.framework in Frameworks */,
				64CB19281738EEE90014F35F /* WebKit.framework in Frameworks */,
				64EA621016F7110300F4838E /* Cocoa.framework in Frameworks */,
			);
			runOnlyForDeploymentPostprocessing = 0;
		};
		64EA622B16F7110300F4838E /* Frameworks */ = {
			isa = PBXFrameworksBuildPhase;
			buildActionMask = 2147483647;
			files = (
				64EA623316F7110300F4838E /* CoreServices.framework in Frameworks */,
				64EA623516F7110300F4838E /* CoreFoundation.framework in Frameworks */,
				64EA623716F7110300F4838E /* CoreData.framework in Frameworks */,
				64EA623916F7110300F4838E /* Foundation.framework in Frameworks */,
			);
			runOnlyForDeploymentPostprocessing = 0;
		};
/* End PBXFrameworksBuildPhase section */

/* Begin PBXGroup section */
		642D29CC172146E400006FC1 /* Sync */ = {
			isa = PBXGroup;
			children = (
				642D29CD1721470400006FC1 /* IAMFilesystemSyncController.h */,
				642D29CE1721470400006FC1 /* IAMFilesystemSyncController.m */,
			);
			path = Sync;
			sourceTree = "<group>";
		};
		644AC25D17257FEB007B51FF /* Main UI */ = {
			isa = PBXGroup;
			children = (
				644AC25817257FE4007B51FF /* IAMTableUIWindowController.h */,
				644AC25917257FE4007B51FF /* IAMTableUIWindowController.m */,
				644AC25A17257FE4007B51FF /* IAMTableUIWindowController.xib */,
			);
			name = "Main UI";
			sourceTree = "<group>";
		};
		644AC25E17258213007B51FF /* Buttons */ = {
			isa = PBXGroup;
			children = (
				64DE6C271727EDF70031183A /* refresh.png */,
				64DE6C281727EDF70031183A /* refresh@2x.png */,
				644AC26B17258645007B51FF /* prefs.png */,
				644AC26C17258645007B51FF /* prefs@2x.png */,
				644AC2671725855B007B51FF /* delete.png */,
				644AC2681725855B007B51FF /* delete@2x.png */,
				644AC263172584A0007B51FF /* edit.png */,
				644AC264172584A0007B51FF /* edit@2x.png */,
				644AC25F17258273007B51FF /* plus.png */,
				644AC26017258273007B51FF /* plus@2x.png */,
			);
			name = Buttons;
			sourceTree = "<group>";
		};
		644AC27A1726CFB1007B51FF /* Preferences */ = {
			isa = PBXGroup;
			children = (
				644AC2751726CFAB007B51FF /* IAMPrefsWindowController.h */,
				644AC2761726CFAB007B51FF /* IAMPrefsWindowController.m */,
				644AC2771726CFAB007B51FF /* IAMPrefsWindowController.xib */,
			);
			name = Preferences;
			sourceTree = "<group>";
		};
		6499CA27173D51EB004230E7 /* PiwikTracker */ = {
			isa = PBXGroup;
			children = (
				6499CA28173D51EB004230E7 /* PiwikTracker.h */,
				6499CA29173D51EB004230E7 /* PiwikTracker.m */,
				6499CA2A173D51EB004230E7 /* PiwikTracker.xcdatamodeld */,
				6499CA2C173D51EB004230E7 /* PTCounterDispatchStrategy.h */,
				6499CA2D173D51EB004230E7 /* PTCounterDispatchStrategy.m */,
				6499CA2E173D51EB004230E7 /* PTEvent.h */,
				6499CA2F173D51EB004230E7 /* PTEvent.m */,
				6499CA30173D51EB004230E7 /* PTRetryDispatchStrategy.h */,
				6499CA31173D51EB004230E7 /* PTRetryDispatchStrategy.m */,
				6499CA32173D51EB004230E7 /* PTTimerDispatchStrategy.h */,
				6499CA33173D51EB004230E7 /* PTTimerDispatchStrategy.m */,
				6499CA36173D51EB004230E7 /* PTUserAgentReader.h */,
				6499CA37173D51EB004230E7 /* PTUserAgentReader.m */,
			);
			name = PiwikTracker;
			path = ../common/PiwikTracker/PiwikTracker;
			sourceTree = "<group>";
		};
		64A1D4ED16FCA12700E50CC1 /* Note Edit */ = {
			isa = PBXGroup;
			children = (
				644AC2721726C343007B51FF /* IAMCollectionItemView.h */,
				644AC2731726C343007B51FF /* IAMCollectionItemView.m */,
				64EA628216F75E0000F4838E /* IAMNoteEditorWC.h */,
				64EA628316F75E0000F4838E /* IAMNoteEditorWC.m */,
				64EA628416F75E0000F4838E /* IAMNoteEditorWC.xib */,
				643BA04D173D26E300A6C437 /* IAMOpenWithWC.h */,
				643BA04E173D26E300A6C437 /* IAMOpenWithWC.m */,
				643BA04F173D26E300A6C437 /* IAMOpenWithWC.xib */,
			);
			name = "Note Edit";
			sourceTree = "<group>";
		};
		64EA620316F7110300F4838E = {
			isa = PBXGroup;
			children = (
				64EA627816F71E7600F4838E /* Utilities (common) */,
				64EA626B16F71DF500F4838E /* CoreData (common) */,
				64EA621516F7110300F4838E /* Janus */,
				64EA623A16F7110300F4838E /* JanusImporter */,
				64EA620E16F7110300F4838E /* Frameworks */,
				64EA620D16F7110300F4838E /* Products */,
			);
			sourceTree = "<group>";
		};
		64EA620D16F7110300F4838E /* Products */ = {
			isa = PBXGroup;
			children = (
				64EA620C16F7110300F4838E /* Janus.app */,
				64EA622E16F7110300F4838E /* JanusImporter.mdimporter */,
			);
			name = Products;
			sourceTree = "<group>";
		};
		64EA620E16F7110300F4838E /* Frameworks */ = {
			isa = PBXGroup;
			children = (
				64CB19291738EFF20014F35F /* SystemConfiguration.framework */,
				64CB19271738EEE90014F35F /* WebKit.framework */,
				64EA620F16F7110300F4838E /* Cocoa.framework */,
				64EA623216F7110300F4838E /* CoreServices.framework */,
				64EA623416F7110300F4838E /* CoreFoundation.framework */,
				64EA623616F7110300F4838E /* CoreData.framework */,
				64EA623816F7110300F4838E /* Foundation.framework */,
				64EA621116F7110300F4838E /* Other Frameworks */,
			);
			name = Frameworks;
			sourceTree = "<group>";
		};
		64EA621116F7110300F4838E /* Other Frameworks */ = {
			isa = PBXGroup;
			children = (
				64EA621216F7110300F4838E /* AppKit.framework */,
				64EA621316F7110300F4838E /* CoreData.framework */,
				64EA621416F7110300F4838E /* Foundation.framework */,
			);
			name = "Other Frameworks";
			sourceTree = "<group>";
		};
		64EA621516F7110300F4838E /* Janus */ = {
			isa = PBXGroup;
			children = (
				642D29CC172146E400006FC1 /* Sync */,
				644AC25E17258213007B51FF /* Buttons */,
				64EA622116F7110300F4838E /* IAMAppDelegate.h */,
				64EA622216F7110300F4838E /* IAMAppDelegate.m */,
				64EA622416F7110300F4838E /* MainMenu.xib */,
				64A1D4ED16FCA12700E50CC1 /* Note Edit */,
				64EA621616F7110300F4838E /* Supporting Files */,
				644AC25D17257FEB007B51FF /* Main UI */,
				644AC27A1726CFB1007B51FF /* Preferences */,
			);
			path = Janus;
			sourceTree = "<group>";
		};
		64EA621616F7110300F4838E /* Supporting Files */ = {
			isa = PBXGroup;
			children = (
				643BA04B173C52C100A6C437 /* document-icon.icns */,
				64A1D4EC16FC9F7C00E50CC1 /* Janus.entitlements */,
				64EA625116F7166700F4838E /* icon.icns */,
				64EA621716F7110300F4838E /* Janus-Info.plist */,
				64EA621816F7110300F4838E /* InfoPlist.strings */,
				64EA621B16F7110300F4838E /* main.m */,
				64EA621D16F7110300F4838E /* Janus-Prefix.pch */,
				64EA621E16F7110300F4838E /* Credits.rtf */,
			);
			name = "Supporting Files";
			sourceTree = "<group>";
		};
		64EA623A16F7110300F4838E /* JanusImporter */ = {
			isa = PBXGroup;
			children = (
				64EA624216F7110300F4838E /* GetMetadataForFile.m */,
				64EA624416F7110300F4838E /* MySpotlightImporter.h */,
				64EA624516F7110300F4838E /* MySpotlightImporter.m */,
				64EA624716F7110300F4838E /* Importer Read Me.txt */,
				64EA623B16F7110300F4838E /* Supporting Files */,
			);
			path = JanusImporter;
			sourceTree = "<group>";
		};
		64EA623B16F7110300F4838E /* Supporting Files */ = {
			isa = PBXGroup;
			children = (
				64EA623C16F7110300F4838E /* JanusImporter-Info.plist */,
				64EA623D16F7110300F4838E /* InfoPlist.strings */,
				64EA624016F7110300F4838E /* main.c */,
				64EA624816F7110300F4838E /* JanusImporter-Prefix.pch */,
			);
			name = "Supporting Files";
			sourceTree = "<group>";
		};
		64EA626B16F71DF500F4838E /* CoreData (common) */ = {
			isa = PBXGroup;
			children = (
				64EA626C16F71E1400F4838E /* Attachment.h */,
				64EA626D16F71E1400F4838E /* Attachment.m */,
				64EA626E16F71E1400F4838E /* CoreDataController.h */,
				64EA626F16F71E1400F4838E /* CoreDataController.m */,
				64EA627016F71E1400F4838E /* IAmMine.xcdatamodeld */,
				64EA627216F71E1400F4838E /* Note.h */,
				64EA627316F71E1400F4838E /* Note.m */,
				64A7558F170358BC0085933D /* NSManagedObjectContext+FetchedObjectFromURI.h */,
				64A75590170358BC0085933D /* NSManagedObjectContext+FetchedObjectFromURI.m */,
			);
			name = "CoreData (common)";
			sourceTree = "<group>";
		};
		64EA627816F71E7600F4838E /* Utilities (common) */ = {
			isa = PBXGroup;
			children = (
				6499CA27173D51EB004230E7 /* PiwikTracker */,
				6499CA24173D51E2004230E7 /* GTPiwikAddOn.h */,
				6499CA25173D51E2004230E7 /* GTPiwikAddOn.m */,
				6429F2C21716EB3C0030E932 /* NSString+UUID.h */,
				6429F2C31716EB3C0030E932 /* NSString+UUID.m */,
				64EA627916F71E8A00F4838E /* NSDate+PassedTime.h */,
				64EA627A16F71E8A00F4838E /* NSDate+PassedTime.m */,
			);
			name = "Utilities (common)";
			sourceTree = "<group>";
		};
/* End PBXGroup section */

/* Begin PBXNativeTarget section */
		64EA620B16F7110300F4838E /* Janus */ = {
			isa = PBXNativeTarget;
			buildConfigurationList = 64EA624E16F7110300F4838E /* Build configuration list for PBXNativeTarget "Janus" */;
			buildPhases = (
				64EA620816F7110300F4838E /* Sources */,
				64EA620916F7110300F4838E /* Frameworks */,
				64EA620A16F7110300F4838E /* Resources */,
			);
			buildRules = (
			);
			dependencies = (
				64EA623016F7110300F4838E /* PBXTargetDependency */,
			);
			name = Janus;
			productName = Janus;
			productReference = 64EA620C16F7110300F4838E /* Janus.app */;
			productType = "com.apple.product-type.application";
		};
		64EA622D16F7110300F4838E /* JanusImporter */ = {
			isa = PBXNativeTarget;
			buildConfigurationList = 64EA624B16F7110300F4838E /* Build configuration list for PBXNativeTarget "JanusImporter" */;
			buildPhases = (
				64EA622A16F7110300F4838E /* Sources */,
				64EA622B16F7110300F4838E /* Frameworks */,
				64EA622C16F7110300F4838E /* Resources */,
			);
			buildRules = (
			);
			dependencies = (
			);
			name = JanusImporter;
			productName = JanusImporter;
			productReference = 64EA622E16F7110300F4838E /* JanusImporter.mdimporter */;
			productType = "com.apple.product-type.bundle";
		};
/* End PBXNativeTarget section */

/* Begin PBXProject section */
		64EA620416F7110300F4838E /* Project object */ = {
			isa = PBXProject;
			attributes = {
				CLASSPREFIX = IAM;
				LastUpgradeCheck = 0460;
				ORGANIZATIONNAME = "Giacomo Tufano";
			};
			buildConfigurationList = 64EA620716F7110300F4838E /* Build configuration list for PBXProject "Janus" */;
			compatibilityVersion = "Xcode 3.2";
			developmentRegion = English;
			hasScannedForEncodings = 0;
			knownRegions = (
				en,
			);
			mainGroup = 64EA620316F7110300F4838E;
			productRefGroup = 64EA620D16F7110300F4838E /* Products */;
			projectDirPath = "";
			projectRoot = "";
			targets = (
				64EA620B16F7110300F4838E /* Janus */,
				64EA622D16F7110300F4838E /* JanusImporter */,
			);
		};
/* End PBXProject section */

/* Begin PBXResourcesBuildPhase section */
		64EA620A16F7110300F4838E /* Resources */ = {
			isa = PBXResourcesBuildPhase;
			buildActionMask = 2147483647;
			files = (
				64EA621A16F7110300F4838E /* InfoPlist.strings in Resources */,
				64EA622016F7110300F4838E /* Credits.rtf in Resources */,
				64EA622616F7110300F4838E /* MainMenu.xib in Resources */,
				64EA623116F7110300F4838E /* JanusImporter.mdimporter in Resources */,
				64EA625216F7166700F4838E /* icon.icns in Resources */,
				64EA628616F75E0000F4838E /* IAMNoteEditorWC.xib in Resources */,
				644AC25C17257FE4007B51FF /* IAMTableUIWindowController.xib in Resources */,
				644AC26117258273007B51FF /* plus.png in Resources */,
				644AC26217258273007B51FF /* plus@2x.png in Resources */,
				644AC265172584A0007B51FF /* edit.png in Resources */,
				644AC266172584A0007B51FF /* edit@2x.png in Resources */,
				644AC2691725855B007B51FF /* delete.png in Resources */,
				644AC26A1725855B007B51FF /* delete@2x.png in Resources */,
				644AC26D17258645007B51FF /* prefs.png in Resources */,
				644AC26E17258645007B51FF /* prefs@2x.png in Resources */,
				644AC2791726CFAC007B51FF /* IAMPrefsWindowController.xib in Resources */,
				64DE6C291727EDF70031183A /* refresh.png in Resources */,
				64DE6C2A1727EDF70031183A /* refresh@2x.png in Resources */,
				643BA04C173C52C100A6C437 /* document-icon.icns in Resources */,
				643BA051173D26E300A6C437 /* IAMOpenWithWC.xib in Resources */,
			);
			runOnlyForDeploymentPostprocessing = 0;
		};
		64EA622C16F7110300F4838E /* Resources */ = {
			isa = PBXResourcesBuildPhase;
			buildActionMask = 2147483647;
			files = (
				64EA623F16F7110300F4838E /* InfoPlist.strings in Resources */,
			);
			runOnlyForDeploymentPostprocessing = 0;
		};
/* End PBXResourcesBuildPhase section */

/* Begin PBXSourcesBuildPhase section */
		64EA620816F7110300F4838E /* Sources */ = {
			isa = PBXSourcesBuildPhase;
			buildActionMask = 2147483647;
			files = (
				64EA621C16F7110300F4838E /* main.m in Sources */,
				64EA622316F7110300F4838E /* IAMAppDelegate.m in Sources */,
				64EA627416F71E1400F4838E /* Attachment.m in Sources */,
				64EA627516F71E1400F4838E /* CoreDataController.m in Sources */,
				64EA627616F71E1400F4838E /* IAmMine.xcdatamodeld in Sources */,
				64EA627716F71E1400F4838E /* Note.m in Sources */,
				64EA627B16F71E8A00F4838E /* NSDate+PassedTime.m in Sources */,
				64EA628516F75E0000F4838E /* IAMNoteEditorWC.m in Sources */,
				64A75591170358BC0085933D /* NSManagedObjectContext+FetchedObjectFromURI.m in Sources */,
				6429F2C41716EB3C0030E932 /* NSString+UUID.m in Sources */,
				642D29CF1721470400006FC1 /* IAMFilesystemSyncController.m in Sources */,
				644AC25B17257FE4007B51FF /* IAMTableUIWindowController.m in Sources */,
				644AC2741726C343007B51FF /* IAMCollectionItemView.m in Sources */,
				644AC2781726CFAC007B51FF /* IAMPrefsWindowController.m in Sources */,
				643BA050173D26E300A6C437 /* IAMOpenWithWC.m in Sources */,
				6499CA26173D51E2004230E7 /* GTPiwikAddOn.m in Sources */,
				6499CA38173D51EB004230E7 /* PiwikTracker.m in Sources */,
				6499CA39173D51EB004230E7 /* PiwikTracker.xcdatamodeld in Sources */,
				6499CA3A173D51EB004230E7 /* PTCounterDispatchStrategy.m in Sources */,
				6499CA3B173D51EB004230E7 /* PTEvent.m in Sources */,
				6499CA3C173D51EB004230E7 /* PTRetryDispatchStrategy.m in Sources */,
				6499CA3D173D51EB004230E7 /* PTTimerDispatchStrategy.m in Sources */,
				6499CA3F173D51EB004230E7 /* PTUserAgentReader.m in Sources */,
			);
			runOnlyForDeploymentPostprocessing = 0;
		};
		64EA622A16F7110300F4838E /* Sources */ = {
			isa = PBXSourcesBuildPhase;
			buildActionMask = 2147483647;
			files = (
				64EA624116F7110300F4838E /* main.c in Sources */,
				64EA624316F7110300F4838E /* GetMetadataForFile.m in Sources */,
				64EA624616F7110300F4838E /* MySpotlightImporter.m in Sources */,
				6429F2C51716EB3C0030E932 /* NSString+UUID.m in Sources */,
				643BA048173BFA4600A6C437 /* IAmMine.xcdatamodeld in Sources */,
			);
			runOnlyForDeploymentPostprocessing = 0;
		};
/* End PBXSourcesBuildPhase section */

/* Begin PBXTargetDependency section */
		64EA623016F7110300F4838E /* PBXTargetDependency */ = {
			isa = PBXTargetDependency;
			target = 64EA622D16F7110300F4838E /* JanusImporter */;
			targetProxy = 64EA622F16F7110300F4838E /* PBXContainerItemProxy */;
		};
/* End PBXTargetDependency section */

/* Begin PBXVariantGroup section */
		64EA621816F7110300F4838E /* InfoPlist.strings */ = {
			isa = PBXVariantGroup;
			children = (
				64EA621916F7110300F4838E /* en */,
			);
			name = InfoPlist.strings;
			sourceTree = "<group>";
		};
		64EA621E16F7110300F4838E /* Credits.rtf */ = {
			isa = PBXVariantGroup;
			children = (
				64EA621F16F7110300F4838E /* en */,
			);
			name = Credits.rtf;
			sourceTree = "<group>";
		};
		64EA622416F7110300F4838E /* MainMenu.xib */ = {
			isa = PBXVariantGroup;
			children = (
				64EA622516F7110300F4838E /* en */,
			);
			name = MainMenu.xib;
			sourceTree = "<group>";
		};
		64EA623D16F7110300F4838E /* InfoPlist.strings */ = {
			isa = PBXVariantGroup;
			children = (
				64EA623E16F7110300F4838E /* en */,
			);
			name = InfoPlist.strings;
			sourceTree = "<group>";
		};
/* End PBXVariantGroup section */

/* Begin XCBuildConfiguration section */
		64EA624916F7110300F4838E /* Debug */ = {
			isa = XCBuildConfiguration;
			buildSettings = {
				ALWAYS_SEARCH_USER_PATHS = NO;
				ARCHS = "$(ARCHS_STANDARD_64_BIT)";
				CLANG_CXX_LANGUAGE_STANDARD = "gnu++0x";
				CLANG_CXX_LIBRARY = "libc++";
				CLANG_ENABLE_OBJC_ARC = YES;
				CLANG_WARN_CONSTANT_CONVERSION = YES;
				CLANG_WARN_EMPTY_BODY = YES;
				CLANG_WARN_ENUM_CONVERSION = YES;
				CLANG_WARN_INT_CONVERSION = YES;
				CLANG_WARN__DUPLICATE_METHOD_MATCH = YES;
				COPY_PHASE_STRIP = NO;
				GCC_C_LANGUAGE_STANDARD = gnu99;
				GCC_DYNAMIC_NO_PIC = NO;
				GCC_ENABLE_OBJC_EXCEPTIONS = YES;
				GCC_OPTIMIZATION_LEVEL = 0;
				GCC_PREPROCESSOR_DEFINITIONS = (
					"DEBUG=1",
					"$(inherited)",
				);
				GCC_SYMBOLS_PRIVATE_EXTERN = NO;
				GCC_WARN_64_TO_32_BIT_CONVERSION = YES;
				GCC_WARN_ABOUT_RETURN_TYPE = YES;
				GCC_WARN_UNINITIALIZED_AUTOS = YES;
				GCC_WARN_UNUSED_VARIABLE = YES;
				MACOSX_DEPLOYMENT_TARGET = 10.8;
				ONLY_ACTIVE_ARCH = YES;
				SDKROOT = macosx;
			};
			name = Debug;
		};
		64EA624A16F7110300F4838E /* Release */ = {
			isa = XCBuildConfiguration;
			buildSettings = {
				ALWAYS_SEARCH_USER_PATHS = NO;
				ARCHS = "$(ARCHS_STANDARD_64_BIT)";
				CLANG_CXX_LANGUAGE_STANDARD = "gnu++0x";
				CLANG_CXX_LIBRARY = "libc++";
				CLANG_ENABLE_OBJC_ARC = YES;
				CLANG_WARN_CONSTANT_CONVERSION = YES;
				CLANG_WARN_EMPTY_BODY = YES;
				CLANG_WARN_ENUM_CONVERSION = YES;
				CLANG_WARN_INT_CONVERSION = YES;
				CLANG_WARN__DUPLICATE_METHOD_MATCH = YES;
				COPY_PHASE_STRIP = YES;
				DEBUG_INFORMATION_FORMAT = "dwarf-with-dsym";
				GCC_C_LANGUAGE_STANDARD = gnu99;
				GCC_ENABLE_OBJC_EXCEPTIONS = YES;
				GCC_WARN_64_TO_32_BIT_CONVERSION = YES;
				GCC_WARN_ABOUT_RETURN_TYPE = YES;
				GCC_WARN_UNINITIALIZED_AUTOS = YES;
				GCC_WARN_UNUSED_VARIABLE = YES;
				MACOSX_DEPLOYMENT_TARGET = 10.8;
				SDKROOT = macosx;
			};
			name = Release;
		};
		64EA624C16F7110300F4838E /* Debug */ = {
			isa = XCBuildConfiguration;
			buildSettings = {
				ALWAYS_SEARCH_USER_PATHS = YES;
				COMBINE_HIDPI_IMAGES = YES;
				GCC_PRECOMPILE_PREFIX_HEADER = YES;
				GCC_PREFIX_HEADER = "JanusImporter/JanusImporter-Prefix.pch";
				INFOPLIST_FILE = "JanusImporter/JanusImporter-Info.plist";
				INSTALL_PATH = "@executable_path/../Contents/Library/Spotlight";
				LIBRARY_STYLE = BUNDLE;
				PRODUCT_NAME = "$(TARGET_NAME)";
				SKIP_INSTALL = YES;
				WRAPPER_EXTENSION = mdimporter;
			};
			name = Debug;
		};
		64EA624D16F7110300F4838E /* Release */ = {
			isa = XCBuildConfiguration;
			buildSettings = {
				ALWAYS_SEARCH_USER_PATHS = YES;
				COMBINE_HIDPI_IMAGES = YES;
				GCC_PRECOMPILE_PREFIX_HEADER = YES;
				GCC_PREFIX_HEADER = "JanusImporter/JanusImporter-Prefix.pch";
				INFOPLIST_FILE = "JanusImporter/JanusImporter-Info.plist";
				INSTALL_PATH = "@executable_path/../Contents/Library/Spotlight";
				LIBRARY_STYLE = BUNDLE;
				PRODUCT_NAME = "$(TARGET_NAME)";
				SKIP_INSTALL = YES;
				WRAPPER_EXTENSION = mdimporter;
			};
			name = Release;
		};
		64EA624F16F7110300F4838E /* Debug */ = {
			isa = XCBuildConfiguration;
			buildSettings = {
				CODE_SIGN_ENTITLEMENTS = Janus/Janus.entitlements;
				CODE_SIGN_IDENTITY = "Mac Developer: Giacomo Tufano (68RHGP4K2S)";
				COMBINE_HIDPI_IMAGES = YES;
				GCC_PRECOMPILE_PREFIX_HEADER = YES;
				GCC_PREFIX_HEADER = "Janus/Janus-Prefix.pch";
				INFOPLIST_FILE = "Janus/Janus-Info.plist";
				MACOSX_DEPLOYMENT_TARGET = 10.7.3;
				PRODUCT_NAME = "$(TARGET_NAME)";
				PROVISIONING_PROFILE = "48DA2D01-8AB8-44A3-8BB3-106E62CEAD21";
				WRAPPER_EXTENSION = app;
			};
			name = Debug;
		};
		64EA625016F7110300F4838E /* Release */ = {
			isa = XCBuildConfiguration;
			buildSettings = {
				CODE_SIGN_ENTITLEMENTS = Janus/Janus.entitlements;
				CODE_SIGN_IDENTITY = "Mac Developer: Giacomo Tufano (68RHGP4K2S)";
				COMBINE_HIDPI_IMAGES = YES;
				GCC_PRECOMPILE_PREFIX_HEADER = YES;
				GCC_PREFIX_HEADER = "Janus/Janus-Prefix.pch";
				INFOPLIST_FILE = "Janus/Janus-Info.plist";
				MACOSX_DEPLOYMENT_TARGET = 10.7.3;
				PRODUCT_NAME = "$(TARGET_NAME)";
				PROVISIONING_PROFILE = "48DA2D01-8AB8-44A3-8BB3-106E62CEAD21";
				WRAPPER_EXTENSION = app;
			};
			name = Release;
		};
/* End XCBuildConfiguration section */

/* Begin XCConfigurationList section */
		64EA620716F7110300F4838E /* Build configuration list for PBXProject "Janus" */ = {
			isa = XCConfigurationList;
			buildConfigurations = (
				64EA624916F7110300F4838E /* Debug */,
				64EA624A16F7110300F4838E /* Release */,
			);
			defaultConfigurationIsVisible = 0;
			defaultConfigurationName = Release;
		};
		64EA624B16F7110300F4838E /* Build configuration list for PBXNativeTarget "JanusImporter" */ = {
			isa = XCConfigurationList;
			buildConfigurations = (
				64EA624C16F7110300F4838E /* Debug */,
				64EA624D16F7110300F4838E /* Release */,
			);
			defaultConfigurationIsVisible = 0;
			defaultConfigurationName = Release;
		};
		64EA624E16F7110300F4838E /* Build configuration list for PBXNativeTarget "Janus" */ = {
			isa = XCConfigurationList;
			buildConfigurations = (
				64EA624F16F7110300F4838E /* Debug */,
				64EA625016F7110300F4838E /* Release */,
			);
			defaultConfigurationIsVisible = 0;
			defaultConfigurationName = Release;
		};
/* End XCConfigurationList section */

/* Begin XCVersionGroup section */
		6499CA2A173D51EB004230E7 /* PiwikTracker.xcdatamodeld */ = {
			isa = XCVersionGroup;
			children = (
				6499CA2B173D51EB004230E7 /* PiwikTracker.xcdatamodel */,
			);
			currentVersion = 6499CA2B173D51EB004230E7 /* PiwikTracker.xcdatamodel */;
			path = PiwikTracker.xcdatamodeld;
			sourceTree = "<group>";
			versionGroupType = wrapper.xcdatamodel;
		};
		64EA627016F71E1400F4838E /* IAmMine.xcdatamodeld */ = {
			isa = XCVersionGroup;
			children = (
				64EA627116F71E1400F4838E /* IAmMine.xcdatamodel */,
			);
			currentVersion = 64EA627116F71E1400F4838E /* IAmMine.xcdatamodel */;
			name = IAmMine.xcdatamodeld;
			path = ../common/iCloud/IAmMine.xcdatamodeld;
			sourceTree = "<group>";
			versionGroupType = wrapper.xcdatamodel;
		};
/* End XCVersionGroup section */
	};
	rootObject = 64EA620416F7110300F4838E /* Project object */;
}
