// !$*UTF8*$!
{
	archiveVersion = 1;
	classes = {
	};
	objectVersion = 46;
	objects = {

/* Begin PBXBuildFile section */
		64027D7B16DD7CB800DEA647 /* IAMPreferencesController.m in Sources */ = {isa = PBXBuildFile; fileRef = 64027D7A16DD7CB800DEA647 /* IAMPreferencesController.m */; };
		640A176A18190D9500DB5788 /* IAMMarkdownPreViewController.m in Sources */ = {isa = PBXBuildFile; fileRef = 640A176918190D9500DB5788 /* IAMMarkdownPreViewController.m */; };
		640D40BE16D5128B003034B3 /* IAMNoteCell.m in Sources */ = {isa = PBXBuildFile; fileRef = 640D40BD16D5128B003034B3 /* IAMNoteCell.m */; };
		640D40C016D6DF92003034B3 /* CoreData.framework in Frameworks */ = {isa = PBXBuildFile; fileRef = 640D40BF16D6DF92003034B3 /* CoreData.framework */; };
		640D40C216D6DFAF003034B3 /* CoreLocation.framework in Frameworks */ = {isa = PBXBuildFile; fileRef = 640D40C116D6DFAF003034B3 /* CoreLocation.framework */; };
		6410E1CB17E85D2000B568D0 /* GTTransientMessage.m in Sources */ = {isa = PBXBuildFile; fileRef = 6410E1CA17E85D2000B568D0 /* GTTransientMessage.m */; };
		6416315716D7DB830004CB52 /* IAMViewController.m in Sources */ = {isa = PBXBuildFile; fileRef = 6416315616D7DB830004CB52 /* IAMViewController.m */; };
		6416315916D831DB0004CB52 /* MobileCoreServices.framework in Frameworks */ = {isa = PBXBuildFile; fileRef = 6416315816D831DB0004CB52 /* MobileCoreServices.framework */; };
		6416315D16D8345F0004CB52 /* UIImage+RoundedCorner.m in Sources */ = {isa = PBXBuildFile; fileRef = 6416315C16D8345F0004CB52 /* UIImage+RoundedCorner.m */; };
		641858C21850DC8D00E855F0 /* IAMAddBookViewController.m in Sources */ = {isa = PBXBuildFile; fileRef = 641858C11850DC8D00E855F0 /* IAMAddBookViewController.m */; };
		641A5EFC16ED463B00D3440C /* MainStoryboard_iPad.storyboard in Resources */ = {isa = PBXBuildFile; fileRef = 641A5EFB16ED463B00D3440C /* MainStoryboard_iPad.storyboard */; };
		641D954416E8CF6E00A253E3 /* IAMAttachmentDetailViewController.m in Sources */ = {isa = PBXBuildFile; fileRef = 641D954316E8CF6E00A253E3 /* IAMAttachmentDetailViewController.m */; };
		6421B4691892DC7E008C7E46 /* RNCryptor.m in Sources */ = {isa = PBXBuildFile; fileRef = 6421B4621892DC7E008C7E46 /* RNCryptor.m */; };
		6421B46A1892DC7E008C7E46 /* RNCryptorEngine.m in Sources */ = {isa = PBXBuildFile; fileRef = 6421B4641892DC7E008C7E46 /* RNCryptorEngine.m */; };
		6421B46B1892DC7E008C7E46 /* RNDecryptor.m in Sources */ = {isa = PBXBuildFile; fileRef = 6421B4661892DC7E008C7E46 /* RNDecryptor.m */; };
		6421B46C1892DC7E008C7E46 /* RNEncryptor.m in Sources */ = {isa = PBXBuildFile; fileRef = 6421B4681892DC7E008C7E46 /* RNEncryptor.m */; };
		6421B46F1892DC8F008C7E46 /* STKeychain.m in Sources */ = {isa = PBXBuildFile; fileRef = 6421B46E1892DC8F008C7E46 /* STKeychain.m */; settings = {COMPILER_FLAGS = "-fno-objc-arc"; }; };
		6421B4731892DCC4008C7E46 /* NSManagedObject+Serialization.m in Sources */ = {isa = PBXBuildFile; fileRef = 6421B4721892DCC4008C7E46 /* NSManagedObject+Serialization.m */; };
		6447056E16DD0FC4000A0262 /* SmallRow.png in Resources */ = {isa = PBXBuildFile; fileRef = 6447056C16DD0FC4000A0262 /* SmallRow.png */; };
		6447056F16DD0FC4000A0262 /* SmallRow@2x.png in Resources */ = {isa = PBXBuildFile; fileRef = 6447056D16DD0FC4000A0262 /* SmallRow@2x.png */; };
		645094991A74663A00B2B331 /* LocalAuthentication.framework in Frameworks */ = {isa = PBXBuildFile; fileRef = 645094981A74663A00B2B331 /* LocalAuthentication.framework */; settings = {ATTRIBUTES = (Required, ); }; };
		64522F3E18476D9900D65289 /* Books.m in Sources */ = {isa = PBXBuildFile; fileRef = 64522F3718476D9900D65289 /* Books.m */; };
		64522F3F18476D9900D65289 /* PublishedOn.m in Sources */ = {isa = PBXBuildFile; fileRef = 64522F3918476D9900D65289 /* PublishedOn.m */; };
		64522F4018476D9900D65289 /* Site.m in Sources */ = {isa = PBXBuildFile; fileRef = 64522F3B18476D9900D65289 /* Site.m */; };
		64522F4118476D9900D65289 /* Tags.m in Sources */ = {isa = PBXBuildFile; fileRef = 64522F3D18476D9900D65289 /* Tags.m */; };
		645A7E6618183846003C9D5A /* link-browser-big.png in Resources */ = {isa = PBXBuildFile; fileRef = 645A7E6218183846003C9D5A /* link-browser-big.png */; };
		645A7E6718183846003C9D5A /* link-browser-big@2x.png in Resources */ = {isa = PBXBuildFile; fileRef = 645A7E6318183846003C9D5A /* link-browser-big@2x.png */; };
		645A7E6818183846003C9D5A /* link-browser.png in Resources */ = {isa = PBXBuildFile; fileRef = 645A7E6418183846003C9D5A /* link-browser.png */; };
		645A7E6918183846003C9D5A /* link-browser@2x.png in Resources */ = {isa = PBXBuildFile; fileRef = 645A7E6518183846003C9D5A /* link-browser@2x.png */; };
		645ED8AC1754F1640070F83B /* StoreKit.framework in Frameworks */ = {isa = PBXBuildFile; fileRef = 64CB194417392B710014F35F /* StoreKit.framework */; settings = {ATTRIBUTES = (Required, ); }; };
		645ED8AF1754F7730070F83B /* link-microphone-big.png in Resources */ = {isa = PBXBuildFile; fileRef = 645ED8AD1754F7730070F83B /* link-microphone-big.png */; };
		645ED8B01754F7730070F83B /* link-microphone-big@2x.png in Resources */ = {isa = PBXBuildFile; fileRef = 645ED8AE1754F7730070F83B /* link-microphone-big@2x.png */; };
		6476C11017E0CE270094C4AB /* iAd.framework in Frameworks */ = {isa = PBXBuildFile; fileRef = 64CB194A17392BAD0014F35F /* iAd.framework */; };
		64773E851922837600205D45 /* THPinViewController.strings in Resources */ = {isa = PBXBuildFile; fileRef = 64773E731922837600205D45 /* THPinViewController.strings */; };
		64773E861922837600205D45 /* THPinInputCirclesView.m in Sources */ = {isa = PBXBuildFile; fileRef = 64773E7A1922837600205D45 /* THPinInputCirclesView.m */; };
		64773E871922837600205D45 /* THPinInputCircleView.m in Sources */ = {isa = PBXBuildFile; fileRef = 64773E7C1922837600205D45 /* THPinInputCircleView.m */; };
		64773E881922837600205D45 /* THPinNumButton.m in Sources */ = {isa = PBXBuildFile; fileRef = 64773E7E1922837600205D45 /* THPinNumButton.m */; };
		64773E891922837600205D45 /* THPinNumPadView.m in Sources */ = {isa = PBXBuildFile; fileRef = 64773E801922837600205D45 /* THPinNumPadView.m */; };
		64773E8A1922837600205D45 /* THPinView.m in Sources */ = {isa = PBXBuildFile; fileRef = 64773E821922837600205D45 /* THPinView.m */; };
		64773E8B1922837600205D45 /* THPinViewController.m in Sources */ = {isa = PBXBuildFile; fileRef = 64773E841922837600205D45 /* THPinViewController.m */; };
		647DEAF417E701D900D3EE57 /* MessageUI.framework in Frameworks */ = {isa = PBXBuildFile; fileRef = 64CB194617392B7C0014F35F /* MessageUI.framework */; };
		64896D2D184F336800AE5EEF /* IAMBooksSelectionViewController.m in Sources */ = {isa = PBXBuildFile; fileRef = 64896D2C184F336800AE5EEF /* IAMBooksSelectionViewController.m */; };
		648A2773171D875000338218 /* MBProgressHUD.m in Sources */ = {isa = PBXBuildFile; fileRef = 648A2772171D875000338218 /* MBProgressHUD.m */; };
		649DCEA016D28DB8003F5A83 /* IAmMine.xcdatamodeld in Sources */ = {isa = PBXBuildFile; fileRef = 649DCE9E16D28DB7003F5A83 /* IAmMine.xcdatamodeld */; };
		64A0507016D28CCA0025E179 /* UIKit.framework in Frameworks */ = {isa = PBXBuildFile; fileRef = 64A0506F16D28CCA0025E179 /* UIKit.framework */; };
		64A0507216D28CCA0025E179 /* Foundation.framework in Frameworks */ = {isa = PBXBuildFile; fileRef = 64A0507116D28CCA0025E179 /* Foundation.framework */; };
		64A0507416D28CCA0025E179 /* CoreGraphics.framework in Frameworks */ = {isa = PBXBuildFile; fileRef = 64A0507316D28CCA0025E179 /* CoreGraphics.framework */; };
		64A0507A16D28CCA0025E179 /* InfoPlist.strings in Resources */ = {isa = PBXBuildFile; fileRef = 64A0507816D28CCA0025E179 /* InfoPlist.strings */; };
		64A0507C16D28CCA0025E179 /* main.m in Sources */ = {isa = PBXBuildFile; fileRef = 64A0507B16D28CCA0025E179 /* main.m */; };
		64A0508016D28CCA0025E179 /* IAMAppDelegate.m in Sources */ = {isa = PBXBuildFile; fileRef = 64A0507F16D28CCA0025E179 /* IAMAppDelegate.m */; };
		64A0508916D28CCA0025E179 /* MainStoryboard.storyboard in Resources */ = {isa = PBXBuildFile; fileRef = 64A0508716D28CCA0025E179 /* MainStoryboard.storyboard */; };
		64A75566170212A40085933D /* link-microphone.png in Resources */ = {isa = PBXBuildFile; fileRef = 64A75564170212A40085933D /* link-microphone.png */; };
		64A75567170212A40085933D /* link-microphone@2x.png in Resources */ = {isa = PBXBuildFile; fileRef = 64A75565170212A40085933D /* link-microphone@2x.png */; };
		64A7557D1702137A0085933D /* BigMic.png in Resources */ = {isa = PBXBuildFile; fileRef = 64A755691702137A0085933D /* BigMic.png */; };
		64A7557E1702137A0085933D /* BigMic@2x.png in Resources */ = {isa = PBXBuildFile; fileRef = 64A7556A1702137A0085933D /* BigMic@2x.png */; };
		64A755801702137A0085933D /* FloatingWindow.textClipping in Resources */ = {isa = PBXBuildFile; fileRef = 64A7556D1702137A0085933D /* FloatingWindow.textClipping */; };
		64A755811702137A0085933D /* MicrophoneBackground.png in Resources */ = {isa = PBXBuildFile; fileRef = 64A755701702137A0085933D /* MicrophoneBackground.png */; };
		64A755821702137A0085933D /* MicrophoneWindow-iPad.xib in Resources */ = {isa = PBXBuildFile; fileRef = 64A755711702137A0085933D /* MicrophoneWindow-iPad.xib */; };
		64A755831702137A0085933D /* MicrophoneWindow.m in Sources */ = {isa = PBXBuildFile; fileRef = 64A755731702137A0085933D /* MicrophoneWindow.m */; };
		64A755841702137A0085933D /* MicrophoneWindow.xib in Resources */ = {isa = PBXBuildFile; fileRef = 64A755741702137A0085933D /* MicrophoneWindow.xib */; };
		64A755851702137A0085933D /* one.png in Resources */ = {isa = PBXBuildFile; fileRef = 64A755751702137A0085933D /* one.png */; };
		64A755861702137A0085933D /* one@2x.png in Resources */ = {isa = PBXBuildFile; fileRef = 64A755761702137A0085933D /* one@2x.png */; };
		64A755871702137A0085933D /* Speaker.png in Resources */ = {isa = PBXBuildFile; fileRef = 64A755771702137A0085933D /* Speaker.png */; };
		64A755881702137A0085933D /* Speaker@2x.png in Resources */ = {isa = PBXBuildFile; fileRef = 64A755781702137A0085933D /* Speaker@2x.png */; };
		64A755891702137A0085933D /* three.png in Resources */ = {isa = PBXBuildFile; fileRef = 64A755791702137A0085933D /* three.png */; };
		64A7558A1702137A0085933D /* three@2x.png in Resources */ = {isa = PBXBuildFile; fileRef = 64A7557A1702137A0085933D /* three@2x.png */; };
		64A7558B1702137A0085933D /* two.png in Resources */ = {isa = PBXBuildFile; fileRef = 64A7557B1702137A0085933D /* two.png */; };
		64A7558C1702137A0085933D /* two@2x.png in Resources */ = {isa = PBXBuildFile; fileRef = 64A7557C1702137A0085933D /* two@2x.png */; };
		64A7558E1702EFA70085933D /* AVFoundation.framework in Frameworks */ = {isa = PBXBuildFile; fileRef = 64A7558D1702EFA70085933D /* AVFoundation.framework */; };
		64A8A7DC16E738A30013AFFF /* link-icon.png in Resources */ = {isa = PBXBuildFile; fileRef = 64A8A7D816E738A30013AFFF /* link-icon.png */; };
		64A8A7DD16E738A30013AFFF /* link-icon@2x.png in Resources */ = {isa = PBXBuildFile; fileRef = 64A8A7D916E738A30013AFFF /* link-icon@2x.png */; };
		64A8A7E316E781EB0013AFFF /* IAMAddLinkViewController.m in Sources */ = {isa = PBXBuildFile; fileRef = 64A8A7E216E781EB0013AFFF /* IAMAddLinkViewController.m */; };
		64A8A7E616E7B4770013AFFF /* IAMAttachmentCell.m in Sources */ = {isa = PBXBuildFile; fileRef = 64A8A7E516E7B4770013AFFF /* IAMAttachmentCell.m */; };
		64A8A7E916E7B6010013AFFF /* link-icon-big.png in Resources */ = {isa = PBXBuildFile; fileRef = 64A8A7E716E7B6010013AFFF /* link-icon-big.png */; };
		64A8A7EA16E7B6010013AFFF /* link-icon-big@2x.png in Resources */ = {isa = PBXBuildFile; fileRef = 64A8A7E816E7B6010013AFFF /* link-icon-big@2x.png */; };
		64A8A7ED16E7BCF90013AFFF /* link-unknown-big.png in Resources */ = {isa = PBXBuildFile; fileRef = 64A8A7EB16E7BCF90013AFFF /* link-unknown-big.png */; };
		64A8A7EE16E7BCF90013AFFF /* link-unknown-big@2x.png in Resources */ = {isa = PBXBuildFile; fileRef = 64A8A7EC16E7BCF90013AFFF /* link-unknown-big@2x.png */; };
		64B56853174658B3006D04C4 /* readme.txt in Resources */ = {isa = PBXBuildFile; fileRef = 64B56852174658B3006D04C4 /* readme.txt */; };
		64B9B4A516D7801100607F39 /* IAMNoteEdit.m in Sources */ = {isa = PBXBuildFile; fileRef = 64B9B4A416D7801100607F39 /* IAMNoteEdit.m */; };
		64BB200F16EA000E00FE6C77 /* GTThemer.m in Sources */ = {isa = PBXBuildFile; fileRef = 64BB200E16EA000E00FE6C77 /* GTThemer.m */; };
		64BB69EE1715BB4A00875601 /* CFNetwork.framework in Frameworks */ = {isa = PBXBuildFile; fileRef = 64BB69ED1715BB4A00875601 /* CFNetwork.framework */; };
		64BB69F01715BB5700875601 /* Security.framework in Frameworks */ = {isa = PBXBuildFile; fileRef = 64BB69EF1715BB5700875601 /* Security.framework */; };
		64BB69F21715BB5F00875601 /* SystemConfiguration.framework in Frameworks */ = {isa = PBXBuildFile; fileRef = 64BB69F11715BB5F00875601 /* SystemConfiguration.framework */; };
		64BB69F41715BB6600875601 /* QuartzCore.framework in Frameworks */ = {isa = PBXBuildFile; fileRef = 64BB69F31715BB6600875601 /* QuartzCore.framework */; };
		64BF705B19D6CD23001F8BCC /* MicrophoneStrings.strings in Resources */ = {isa = PBXBuildFile; fileRef = 64BF705D19D6CD23001F8BCC /* MicrophoneStrings.strings */; };
		64CEF2BC17D0E65900D3A58B /* Images.xcassets in Resources */ = {isa = PBXBuildFile; fileRef = 64CEF2BB17D0E65900D3A58B /* Images.xcassets */; };
		64CEF2BE17D1F70900D3A58B /* libc++.dylib in Frameworks */ = {isa = PBXBuildFile; fileRef = 64CEF2BD17D1F70900D3A58B /* libc++.dylib */; };
		64DE6C261727E5320031183A /* NSManagedObjectContext+FetchedObjectFromURI.m in Sources */ = {isa = PBXBuildFile; fileRef = 64DE6C251727E5320031183A /* NSManagedObjectContext+FetchedObjectFromURI.m */; };
		64E0AA4317E70ED9008BF0E3 /* In-App-Products.plist in Resources */ = {isa = PBXBuildFile; fileRef = 64E0AA4217E70ED9008BF0E3 /* In-App-Products.plist */; };
		64EB0F061819144E00DD9924 /* autolink.c in Sources */ = {isa = PBXBuildFile; fileRef = 64EB0EF71819144E00DD9924 /* autolink.c */; };
		64EB0F071819144E00DD9924 /* buffer.c in Sources */ = {isa = PBXBuildFile; fileRef = 64EB0EF91819144E00DD9924 /* buffer.c */; };
		64EB0F081819144E00DD9924 /* houdini_href_e.c in Sources */ = {isa = PBXBuildFile; fileRef = 64EB0EFC1819144E00DD9924 /* houdini_href_e.c */; };
		64EB0F091819144E00DD9924 /* houdini_html_e.c in Sources */ = {isa = PBXBuildFile; fileRef = 64EB0EFD1819144E00DD9924 /* houdini_html_e.c */; };
		64EB0F0A1819144E00DD9924 /* html.c in Sources */ = {isa = PBXBuildFile; fileRef = 64EB0EFE1819144E00DD9924 /* html.c */; };
		64EB0F0B1819144E00DD9924 /* html_smartypants.c in Sources */ = {isa = PBXBuildFile; fileRef = 64EB0F011819144E00DD9924 /* html_smartypants.c */; };
		64EB0F0C1819144E00DD9924 /* markdown.c in Sources */ = {isa = PBXBuildFile; fileRef = 64EB0F021819144E00DD9924 /* markdown.c */; };
		64EB0F0D1819144E00DD9924 /* stack.c in Sources */ = {isa = PBXBuildFile; fileRef = 64EB0F041819144E00DD9924 /* stack.c */; };
		64EB0F0F1819147100DD9924 /* MarkdownPreview.html in Resources */ = {isa = PBXBuildFile; fileRef = 64EB0F0E1819147100DD9924 /* MarkdownPreview.html */; };
		64F31CC416E4AF9000A80BE0 /* Note.m in Sources */ = {isa = PBXBuildFile; fileRef = 64F31CC316E4AF9000A80BE0 /* Note.m */; };
		64F31CCA16E5009B00A80BE0 /* Attachment.m in Sources */ = {isa = PBXBuildFile; fileRef = 64F31CC916E5009B00A80BE0 /* Attachment.m */; };
		64F9AC4D1704544800299C1B /* UIImage+FixOrientation.m in Sources */ = {isa = PBXBuildFile; fileRef = 64F9AC4C1704544800299C1B /* UIImage+FixOrientation.m */; };
/* End PBXBuildFile section */

/* Begin PBXFileReference section */
		64027D7916DD7CB800DEA647 /* IAMPreferencesController.h */ = {isa = PBXFileReference; fileEncoding = 4; lastKnownFileType = sourcecode.c.h; path = IAMPreferencesController.h; sourceTree = "<group>"; };
		64027D7A16DD7CB800DEA647 /* IAMPreferencesController.m */ = {isa = PBXFileReference; fileEncoding = 4; lastKnownFileType = sourcecode.c.objc; path = IAMPreferencesController.m; sourceTree = "<group>"; };
		640A176818190D9500DB5788 /* IAMMarkdownPreViewController.h */ = {isa = PBXFileReference; fileEncoding = 4; lastKnownFileType = sourcecode.c.h; path = IAMMarkdownPreViewController.h; sourceTree = "<group>"; };
		640A176918190D9500DB5788 /* IAMMarkdownPreViewController.m */ = {isa = PBXFileReference; fileEncoding = 4; lastKnownFileType = sourcecode.c.objc; path = IAMMarkdownPreViewController.m; sourceTree = "<group>"; };
		640D40BC16D5128B003034B3 /* IAMNoteCell.h */ = {isa = PBXFileReference; fileEncoding = 4; lastKnownFileType = sourcecode.c.h; name = IAMNoteCell.h; path = "List Cells/IAMNoteCell.h"; sourceTree = "<group>"; };
		640D40BD16D5128B003034B3 /* IAMNoteCell.m */ = {isa = PBXFileReference; fileEncoding = 4; lastKnownFileType = sourcecode.c.objc; name = IAMNoteCell.m; path = "List Cells/IAMNoteCell.m"; sourceTree = "<group>"; };
		640D40BF16D6DF92003034B3 /* CoreData.framework */ = {isa = PBXFileReference; lastKnownFileType = wrapper.framework; name = CoreData.framework; path = System/Library/Frameworks/CoreData.framework; sourceTree = SDKROOT; };
		640D40C116D6DFAF003034B3 /* CoreLocation.framework */ = {isa = PBXFileReference; lastKnownFileType = wrapper.framework; name = CoreLocation.framework; path = System/Library/Frameworks/CoreLocation.framework; sourceTree = SDKROOT; };
		6410E1C917E85D2000B568D0 /* GTTransientMessage.h */ = {isa = PBXFileReference; fileEncoding = 4; lastKnownFileType = sourcecode.c.h; path = GTTransientMessage.h; sourceTree = "<group>"; };
		6410E1CA17E85D2000B568D0 /* GTTransientMessage.m */ = {isa = PBXFileReference; fileEncoding = 4; lastKnownFileType = sourcecode.c.objc; path = GTTransientMessage.m; sourceTree = "<group>"; };
		6416315616D7DB830004CB52 /* IAMViewController.m */ = {isa = PBXFileReference; fileEncoding = 4; lastKnownFileType = sourcecode.c.objc; path = IAMViewController.m; sourceTree = "<group>"; };
		6416315816D831DB0004CB52 /* MobileCoreServices.framework */ = {isa = PBXFileReference; lastKnownFileType = wrapper.framework; name = MobileCoreServices.framework; path = System/Library/Frameworks/MobileCoreServices.framework; sourceTree = SDKROOT; };
		6416315B16D8345F0004CB52 /* UIImage+RoundedCorner.h */ = {isa = PBXFileReference; fileEncoding = 4; lastKnownFileType = sourcecode.c.h; path = "UIImage+RoundedCorner.h"; sourceTree = "<group>"; };
		6416315C16D8345F0004CB52 /* UIImage+RoundedCorner.m */ = {isa = PBXFileReference; fileEncoding = 4; lastKnownFileType = sourcecode.c.objc; path = "UIImage+RoundedCorner.m"; sourceTree = "<group>"; };
		641858C01850DC8D00E855F0 /* IAMAddBookViewController.h */ = {isa = PBXFileReference; fileEncoding = 4; lastKnownFileType = sourcecode.c.h; path = IAMAddBookViewController.h; sourceTree = "<group>"; };
		641858C11850DC8D00E855F0 /* IAMAddBookViewController.m */ = {isa = PBXFileReference; fileEncoding = 4; lastKnownFileType = sourcecode.c.objc; path = IAMAddBookViewController.m; sourceTree = "<group>"; };
		641A5EFB16ED463B00D3440C /* MainStoryboard_iPad.storyboard */ = {isa = PBXFileReference; fileEncoding = 4; lastKnownFileType = file.storyboard; path = MainStoryboard_iPad.storyboard; sourceTree = "<group>"; };
		641D954216E8CF6E00A253E3 /* IAMAttachmentDetailViewController.h */ = {isa = PBXFileReference; fileEncoding = 4; lastKnownFileType = sourcecode.c.h; path = IAMAttachmentDetailViewController.h; sourceTree = "<group>"; };
		641D954316E8CF6E00A253E3 /* IAMAttachmentDetailViewController.m */ = {isa = PBXFileReference; fileEncoding = 4; lastKnownFileType = sourcecode.c.objc; path = IAMAttachmentDetailViewController.m; sourceTree = "<group>"; };
		6421B45F1892DC7E008C7E46 /* RNCryptor+Private.h */ = {isa = PBXFileReference; fileEncoding = 4; lastKnownFileType = sourcecode.c.h; path = "RNCryptor+Private.h"; sourceTree = "<group>"; };
		6421B4601892DC7E008C7E46 /* RNCryptor-Prefix.pch */ = {isa = PBXFileReference; fileEncoding = 4; lastKnownFileType = sourcecode.c.h; path = "RNCryptor-Prefix.pch"; sourceTree = "<group>"; };
		6421B4611892DC7E008C7E46 /* RNCryptor.h */ = {isa = PBXFileReference; fileEncoding = 4; lastKnownFileType = sourcecode.c.h; path = RNCryptor.h; sourceTree = "<group>"; };
		6421B4621892DC7E008C7E46 /* RNCryptor.m */ = {isa = PBXFileReference; fileEncoding = 4; lastKnownFileType = sourcecode.c.objc; path = RNCryptor.m; sourceTree = "<group>"; };
		6421B4631892DC7E008C7E46 /* RNCryptorEngine.h */ = {isa = PBXFileReference; fileEncoding = 4; lastKnownFileType = sourcecode.c.h; path = RNCryptorEngine.h; sourceTree = "<group>"; };
		6421B4641892DC7E008C7E46 /* RNCryptorEngine.m */ = {isa = PBXFileReference; fileEncoding = 4; lastKnownFileType = sourcecode.c.objc; path = RNCryptorEngine.m; sourceTree = "<group>"; };
		6421B4651892DC7E008C7E46 /* RNDecryptor.h */ = {isa = PBXFileReference; fileEncoding = 4; lastKnownFileType = sourcecode.c.h; path = RNDecryptor.h; sourceTree = "<group>"; };
		6421B4661892DC7E008C7E46 /* RNDecryptor.m */ = {isa = PBXFileReference; fileEncoding = 4; lastKnownFileType = sourcecode.c.objc; path = RNDecryptor.m; sourceTree = "<group>"; };
		6421B4671892DC7E008C7E46 /* RNEncryptor.h */ = {isa = PBXFileReference; fileEncoding = 4; lastKnownFileType = sourcecode.c.h; path = RNEncryptor.h; sourceTree = "<group>"; };
		6421B4681892DC7E008C7E46 /* RNEncryptor.m */ = {isa = PBXFileReference; fileEncoding = 4; lastKnownFileType = sourcecode.c.objc; path = RNEncryptor.m; sourceTree = "<group>"; };
		6421B46D1892DC8F008C7E46 /* STKeychain.h */ = {isa = PBXFileReference; fileEncoding = 4; lastKnownFileType = sourcecode.c.h; name = STKeychain.h; path = ../common/Utilitites/STKeychain.h; sourceTree = "<group>"; };
		6421B46E1892DC8F008C7E46 /* STKeychain.m */ = {isa = PBXFileReference; fileEncoding = 4; lastKnownFileType = sourcecode.c.objc; name = STKeychain.m; path = ../common/Utilitites/STKeychain.m; sourceTree = "<group>"; };
		6421B4711892DCC4008C7E46 /* NSManagedObject+Serialization.h */ = {isa = PBXFileReference; fileEncoding = 4; lastKnownFileType = sourcecode.c.h; name = "NSManagedObject+Serialization.h"; path = "../common/iCloud/NSManagedObject+Serialization.h"; sourceTree = "<group>"; };
		6421B4721892DCC4008C7E46 /* NSManagedObject+Serialization.m */ = {isa = PBXFileReference; fileEncoding = 4; lastKnownFileType = sourcecode.c.objc; name = "NSManagedObject+Serialization.m"; path = "../common/iCloud/NSManagedObject+Serialization.m"; sourceTree = "<group>"; };
		6447056C16DD0FC4000A0262 /* SmallRow.png */ = {isa = PBXFileReference; lastKnownFileType = image.png; name = SmallRow.png; path = Images/SmallRow.png; sourceTree = "<group>"; };
		6447056D16DD0FC4000A0262 /* SmallRow@2x.png */ = {isa = PBXFileReference; lastKnownFileType = image.png; name = "SmallRow@2x.png"; path = "Images/SmallRow@2x.png"; sourceTree = "<group>"; };
		645094981A74663A00B2B331 /* LocalAuthentication.framework */ = {isa = PBXFileReference; lastKnownFileType = wrapper.framework; name = LocalAuthentication.framework; path = System/Library/Frameworks/LocalAuthentication.framework; sourceTree = SDKROOT; };
		64522F3618476D9900D65289 /* Books.h */ = {isa = PBXFileReference; fileEncoding = 4; lastKnownFileType = sourcecode.c.h; name = Books.h; path = ../common/iCloud/Books.h; sourceTree = "<group>"; };
		64522F3718476D9900D65289 /* Books.m */ = {isa = PBXFileReference; fileEncoding = 4; lastKnownFileType = sourcecode.c.objc; name = Books.m; path = ../common/iCloud/Books.m; sourceTree = "<group>"; };
		64522F3818476D9900D65289 /* PublishedOn.h */ = {isa = PBXFileReference; fileEncoding = 4; lastKnownFileType = sourcecode.c.h; name = PublishedOn.h; path = ../common/iCloud/PublishedOn.h; sourceTree = "<group>"; };
		64522F3918476D9900D65289 /* PublishedOn.m */ = {isa = PBXFileReference; fileEncoding = 4; lastKnownFileType = sourcecode.c.objc; name = PublishedOn.m; path = ../common/iCloud/PublishedOn.m; sourceTree = "<group>"; };
		64522F3A18476D9900D65289 /* Site.h */ = {isa = PBXFileReference; fileEncoding = 4; lastKnownFileType = sourcecode.c.h; name = Site.h; path = ../common/iCloud/Site.h; sourceTree = "<group>"; };
		64522F3B18476D9900D65289 /* Site.m */ = {isa = PBXFileReference; fileEncoding = 4; lastKnownFileType = sourcecode.c.objc; name = Site.m; path = ../common/iCloud/Site.m; sourceTree = "<group>"; };
		64522F3C18476D9900D65289 /* Tags.h */ = {isa = PBXFileReference; fileEncoding = 4; lastKnownFileType = sourcecode.c.h; name = Tags.h; path = ../common/iCloud/Tags.h; sourceTree = "<group>"; };
		64522F3D18476D9900D65289 /* Tags.m */ = {isa = PBXFileReference; fileEncoding = 4; lastKnownFileType = sourcecode.c.objc; name = Tags.m; path = ../common/iCloud/Tags.m; sourceTree = "<group>"; };
		645A13A01701BFC800CCB4FB /* iTurms.entitlements */ = {isa = PBXFileReference; lastKnownFileType = text.xml; name = iTurms.entitlements; path = ../iTurms.entitlements; sourceTree = "<group>"; };
		645A7E6218183846003C9D5A /* link-browser-big.png */ = {isa = PBXFileReference; lastKnownFileType = image.png; name = "link-browser-big.png"; path = "Images/link-browser-big.png"; sourceTree = "<group>"; };
		645A7E6318183846003C9D5A /* link-browser-big@2x.png */ = {isa = PBXFileReference; lastKnownFileType = image.png; name = "link-browser-big@2x.png"; path = "Images/link-browser-big@2x.png"; sourceTree = "<group>"; };
		645A7E6418183846003C9D5A /* link-browser.png */ = {isa = PBXFileReference; lastKnownFileType = image.png; name = "link-browser.png"; path = "Images/link-browser.png"; sourceTree = "<group>"; };
		645A7E6518183846003C9D5A /* link-browser@2x.png */ = {isa = PBXFileReference; lastKnownFileType = image.png; name = "link-browser@2x.png"; path = "Images/link-browser@2x.png"; sourceTree = "<group>"; };
		645ED8AD1754F7730070F83B /* link-microphone-big.png */ = {isa = PBXFileReference; lastKnownFileType = image.png; name = "link-microphone-big.png"; path = "Images/link-microphone-big.png"; sourceTree = "<group>"; };
		645ED8AE1754F7730070F83B /* link-microphone-big@2x.png */ = {isa = PBXFileReference; lastKnownFileType = image.png; name = "link-microphone-big@2x.png"; path = "Images/link-microphone-big@2x.png"; sourceTree = "<group>"; };
		64773E741922837600205D45 /* de */ = {isa = PBXFileReference; lastKnownFileType = text.plist.strings; name = de; path = de.lproj/THPinViewController.strings; sourceTree = "<group>"; };
		64773E751922837600205D45 /* en */ = {isa = PBXFileReference; lastKnownFileType = text.plist.strings; name = en; path = en.lproj/THPinViewController.strings; sourceTree = "<group>"; };
		64773E761922837600205D45 /* es */ = {isa = PBXFileReference; lastKnownFileType = text.plist.strings; name = es; path = es.lproj/THPinViewController.strings; sourceTree = "<group>"; };
		64773E771922837600205D45 /* fr */ = {isa = PBXFileReference; lastKnownFileType = text.plist.strings; name = fr; path = fr.lproj/THPinViewController.strings; sourceTree = "<group>"; };
		64773E781922837600205D45 /* it */ = {isa = PBXFileReference; lastKnownFileType = text.plist.strings; name = it; path = it.lproj/THPinViewController.strings; sourceTree = "<group>"; };
		64773E791922837600205D45 /* THPinInputCirclesView.h */ = {isa = PBXFileReference; fileEncoding = 4; lastKnownFileType = sourcecode.c.h; path = THPinInputCirclesView.h; sourceTree = "<group>"; };
		64773E7A1922837600205D45 /* THPinInputCirclesView.m */ = {isa = PBXFileReference; fileEncoding = 4; lastKnownFileType = sourcecode.c.objc; path = THPinInputCirclesView.m; sourceTree = "<group>"; };
		64773E7B1922837600205D45 /* THPinInputCircleView.h */ = {isa = PBXFileReference; fileEncoding = 4; lastKnownFileType = sourcecode.c.h; path = THPinInputCircleView.h; sourceTree = "<group>"; };
		64773E7C1922837600205D45 /* THPinInputCircleView.m */ = {isa = PBXFileReference; fileEncoding = 4; lastKnownFileType = sourcecode.c.objc; path = THPinInputCircleView.m; sourceTree = "<group>"; };
		64773E7D1922837600205D45 /* THPinNumButton.h */ = {isa = PBXFileReference; fileEncoding = 4; lastKnownFileType = sourcecode.c.h; path = THPinNumButton.h; sourceTree = "<group>"; };
		64773E7E1922837600205D45 /* THPinNumButton.m */ = {isa = PBXFileReference; fileEncoding = 4; lastKnownFileType = sourcecode.c.objc; path = THPinNumButton.m; sourceTree = "<group>"; };
		64773E7F1922837600205D45 /* THPinNumPadView.h */ = {isa = PBXFileReference; fileEncoding = 4; lastKnownFileType = sourcecode.c.h; path = THPinNumPadView.h; sourceTree = "<group>"; };
		64773E801922837600205D45 /* THPinNumPadView.m */ = {isa = PBXFileReference; fileEncoding = 4; lastKnownFileType = sourcecode.c.objc; path = THPinNumPadView.m; sourceTree = "<group>"; };
		64773E811922837600205D45 /* THPinView.h */ = {isa = PBXFileReference; fileEncoding = 4; lastKnownFileType = sourcecode.c.h; path = THPinView.h; sourceTree = "<group>"; };
		64773E821922837600205D45 /* THPinView.m */ = {isa = PBXFileReference; fileEncoding = 4; lastKnownFileType = sourcecode.c.objc; path = THPinView.m; sourceTree = "<group>"; };
		64773E831922837600205D45 /* THPinViewController.h */ = {isa = PBXFileReference; fileEncoding = 4; lastKnownFileType = sourcecode.c.h; path = THPinViewController.h; sourceTree = "<group>"; };
		64773E841922837600205D45 /* THPinViewController.m */ = {isa = PBXFileReference; fileEncoding = 4; lastKnownFileType = sourcecode.c.objc; path = THPinViewController.m; sourceTree = "<group>"; };
		64896D2B184F336800AE5EEF /* IAMBooksSelectionViewController.h */ = {isa = PBXFileReference; fileEncoding = 4; lastKnownFileType = sourcecode.c.h; path = IAMBooksSelectionViewController.h; sourceTree = "<group>"; };
		64896D2C184F336800AE5EEF /* IAMBooksSelectionViewController.m */ = {isa = PBXFileReference; fileEncoding = 4; lastKnownFileType = sourcecode.c.objc; path = IAMBooksSelectionViewController.m; sourceTree = "<group>"; };
		648A2771171D875000338218 /* MBProgressHUD.h */ = {isa = PBXFileReference; fileEncoding = 4; lastKnownFileType = sourcecode.c.h; path = MBProgressHUD.h; sourceTree = "<group>"; };
		648A2772171D875000338218 /* MBProgressHUD.m */ = {isa = PBXFileReference; fileEncoding = 4; lastKnownFileType = sourcecode.c.objc; path = MBProgressHUD.m; sourceTree = "<group>"; };
		649DCE9F16D28DB7003F5A83 /* IAmMine.xcdatamodel */ = {isa = PBXFileReference; lastKnownFileType = wrapper.xcdatamodel; path = IAmMine.xcdatamodel; sourceTree = "<group>"; };
		64A0506C16D28CCA0025E179 /* iTurms.app */ = {isa = PBXFileReference; explicitFileType = wrapper.application; includeInIndex = 0; path = iTurms.app; sourceTree = BUILT_PRODUCTS_DIR; };
		64A0506F16D28CCA0025E179 /* UIKit.framework */ = {isa = PBXFileReference; lastKnownFileType = wrapper.framework; name = UIKit.framework; path = System/Library/Frameworks/UIKit.framework; sourceTree = SDKROOT; };
		64A0507116D28CCA0025E179 /* Foundation.framework */ = {isa = PBXFileReference; lastKnownFileType = wrapper.framework; name = Foundation.framework; path = System/Library/Frameworks/Foundation.framework; sourceTree = SDKROOT; };
		64A0507316D28CCA0025E179 /* CoreGraphics.framework */ = {isa = PBXFileReference; lastKnownFileType = wrapper.framework; name = CoreGraphics.framework; path = System/Library/Frameworks/CoreGraphics.framework; sourceTree = SDKROOT; };
		64A0507716D28CCA0025E179 /* iTurms-Info.plist */ = {isa = PBXFileReference; lastKnownFileType = text.plist.xml; path = "iTurms-Info.plist"; sourceTree = "<group>"; };
		64A0507916D28CCA0025E179 /* en */ = {isa = PBXFileReference; lastKnownFileType = text.plist.strings; name = en; path = en.lproj/InfoPlist.strings; sourceTree = "<group>"; };
		64A0507B16D28CCA0025E179 /* main.m */ = {isa = PBXFileReference; lastKnownFileType = sourcecode.c.objc; path = main.m; sourceTree = "<group>"; };
		64A0507D16D28CCA0025E179 /* iTurms-Prefix.pch */ = {isa = PBXFileReference; lastKnownFileType = sourcecode.c.h; path = "iTurms-Prefix.pch"; sourceTree = "<group>"; };
		64A0507E16D28CCA0025E179 /* IAMAppDelegate.h */ = {isa = PBXFileReference; lastKnownFileType = sourcecode.c.h; path = IAMAppDelegate.h; sourceTree = "<group>"; };
		64A0507F16D28CCA0025E179 /* IAMAppDelegate.m */ = {isa = PBXFileReference; lastKnownFileType = sourcecode.c.objc; path = IAMAppDelegate.m; sourceTree = "<group>"; };
		64A0508816D28CCA0025E179 /* en */ = {isa = PBXFileReference; lastKnownFileType = file.storyboard; name = en; path = en.lproj/MainStoryboard.storyboard; sourceTree = "<group>"; };
		64A0508A16D28CCA0025E179 /* IAMViewController.h */ = {isa = PBXFileReference; lastKnownFileType = sourcecode.c.h; path = IAMViewController.h; sourceTree = "<group>"; };
		64A75564170212A40085933D /* link-microphone.png */ = {isa = PBXFileReference; lastKnownFileType = image.png; name = "link-microphone.png"; path = "Images/link-microphone.png"; sourceTree = "<group>"; };
		64A75565170212A40085933D /* link-microphone@2x.png */ = {isa = PBXFileReference; lastKnownFileType = image.png; name = "link-microphone@2x.png"; path = "Images/link-microphone@2x.png"; sourceTree = "<group>"; };
		64A755691702137A0085933D /* BigMic.png */ = {isa = PBXFileReference; lastKnownFileType = image.png; path = BigMic.png; sourceTree = "<group>"; };
		64A7556A1702137A0085933D /* BigMic@2x.png */ = {isa = PBXFileReference; lastKnownFileType = image.png; path = "BigMic@2x.png"; sourceTree = "<group>"; };
		64A7556D1702137A0085933D /* FloatingWindow.textClipping */ = {isa = PBXFileReference; fileEncoding = 4; lastKnownFileType = text; path = FloatingWindow.textClipping; sourceTree = "<group>"; };
		64A755701702137A0085933D /* MicrophoneBackground.png */ = {isa = PBXFileReference; lastKnownFileType = image.png; path = MicrophoneBackground.png; sourceTree = "<group>"; };
		64A755711702137A0085933D /* MicrophoneWindow-iPad.xib */ = {isa = PBXFileReference; fileEncoding = 4; lastKnownFileType = file.xib; path = "MicrophoneWindow-iPad.xib"; sourceTree = "<group>"; };
		64A755721702137A0085933D /* MicrophoneWindow.h */ = {isa = PBXFileReference; fileEncoding = 4; lastKnownFileType = sourcecode.c.h; path = MicrophoneWindow.h; sourceTree = "<group>"; };
		64A755731702137A0085933D /* MicrophoneWindow.m */ = {isa = PBXFileReference; fileEncoding = 4; lastKnownFileType = sourcecode.c.objc; path = MicrophoneWindow.m; sourceTree = "<group>"; };
		64A755741702137A0085933D /* MicrophoneWindow.xib */ = {isa = PBXFileReference; fileEncoding = 4; lastKnownFileType = file.xib; path = MicrophoneWindow.xib; sourceTree = "<group>"; };
		64A755751702137A0085933D /* one.png */ = {isa = PBXFileReference; lastKnownFileType = image.png; path = one.png; sourceTree = "<group>"; };
		64A755761702137A0085933D /* one@2x.png */ = {isa = PBXFileReference; lastKnownFileType = image.png; path = "one@2x.png"; sourceTree = "<group>"; };
		64A755771702137A0085933D /* Speaker.png */ = {isa = PBXFileReference; lastKnownFileType = image.png; path = Speaker.png; sourceTree = "<group>"; };
		64A755781702137A0085933D /* Speaker@2x.png */ = {isa = PBXFileReference; lastKnownFileType = image.png; path = "Speaker@2x.png"; sourceTree = "<group>"; };
		64A755791702137A0085933D /* three.png */ = {isa = PBXFileReference; lastKnownFileType = image.png; path = three.png; sourceTree = "<group>"; };
		64A7557A1702137A0085933D /* three@2x.png */ = {isa = PBXFileReference; lastKnownFileType = image.png; path = "three@2x.png"; sourceTree = "<group>"; };
		64A7557B1702137A0085933D /* two.png */ = {isa = PBXFileReference; lastKnownFileType = image.png; path = two.png; sourceTree = "<group>"; };
		64A7557C1702137A0085933D /* two@2x.png */ = {isa = PBXFileReference; lastKnownFileType = image.png; path = "two@2x.png"; sourceTree = "<group>"; };
		64A7558D1702EFA70085933D /* AVFoundation.framework */ = {isa = PBXFileReference; lastKnownFileType = wrapper.framework; name = AVFoundation.framework; path = System/Library/Frameworks/AVFoundation.framework; sourceTree = SDKROOT; };
		64A8A7D816E738A30013AFFF /* link-icon.png */ = {isa = PBXFileReference; lastKnownFileType = image.png; name = "link-icon.png"; path = "Images/link-icon.png"; sourceTree = "<group>"; };
		64A8A7D916E738A30013AFFF /* link-icon@2x.png */ = {isa = PBXFileReference; lastKnownFileType = image.png; name = "link-icon@2x.png"; path = "Images/link-icon@2x.png"; sourceTree = "<group>"; };
		64A8A7E116E781EB0013AFFF /* IAMAddLinkViewController.h */ = {isa = PBXFileReference; fileEncoding = 4; lastKnownFileType = sourcecode.c.h; path = IAMAddLinkViewController.h; sourceTree = "<group>"; };
		64A8A7E216E781EB0013AFFF /* IAMAddLinkViewController.m */ = {isa = PBXFileReference; fileEncoding = 4; lastKnownFileType = sourcecode.c.objc; path = IAMAddLinkViewController.m; sourceTree = "<group>"; };
		64A8A7E416E7B4770013AFFF /* IAMAttachmentCell.h */ = {isa = PBXFileReference; fileEncoding = 4; lastKnownFileType = sourcecode.c.h; path = IAMAttachmentCell.h; sourceTree = "<group>"; };
		64A8A7E516E7B4770013AFFF /* IAMAttachmentCell.m */ = {isa = PBXFileReference; fileEncoding = 4; lastKnownFileType = sourcecode.c.objc; path = IAMAttachmentCell.m; sourceTree = "<group>"; };
		64A8A7E716E7B6010013AFFF /* link-icon-big.png */ = {isa = PBXFileReference; lastKnownFileType = image.png; name = "link-icon-big.png"; path = "Images/link-icon-big.png"; sourceTree = "<group>"; };
		64A8A7E816E7B6010013AFFF /* link-icon-big@2x.png */ = {isa = PBXFileReference; lastKnownFileType = image.png; name = "link-icon-big@2x.png"; path = "Images/link-icon-big@2x.png"; sourceTree = "<group>"; };
		64A8A7EB16E7BCF90013AFFF /* link-unknown-big.png */ = {isa = PBXFileReference; lastKnownFileType = image.png; name = "link-unknown-big.png"; path = "Images/link-unknown-big.png"; sourceTree = "<group>"; };
		64A8A7EC16E7BCF90013AFFF /* link-unknown-big@2x.png */ = {isa = PBXFileReference; lastKnownFileType = image.png; name = "link-unknown-big@2x.png"; path = "Images/link-unknown-big@2x.png"; sourceTree = "<group>"; };
		64B56852174658B3006D04C4 /* readme.txt */ = {isa = PBXFileReference; fileEncoding = 4; lastKnownFileType = text; name = readme.txt; path = ../../common/Utilitites/readme.txt; sourceTree = "<group>"; };
		64B9B4A316D7801100607F39 /* IAMNoteEdit.h */ = {isa = PBXFileReference; fileEncoding = 4; lastKnownFileType = sourcecode.c.h; path = IAMNoteEdit.h; sourceTree = "<group>"; };
		64B9B4A416D7801100607F39 /* IAMNoteEdit.m */ = {isa = PBXFileReference; fileEncoding = 4; lastKnownFileType = sourcecode.c.objc; path = IAMNoteEdit.m; sourceTree = "<group>"; };
		64BB200D16EA000E00FE6C77 /* GTThemer.h */ = {isa = PBXFileReference; fileEncoding = 4; lastKnownFileType = sourcecode.c.h; path = GTThemer.h; sourceTree = "<group>"; };
		64BB200E16EA000E00FE6C77 /* GTThemer.m */ = {isa = PBXFileReference; fileEncoding = 4; lastKnownFileType = sourcecode.c.objc; path = GTThemer.m; sourceTree = "<group>"; };
		64BB69ED1715BB4A00875601 /* CFNetwork.framework */ = {isa = PBXFileReference; lastKnownFileType = wrapper.framework; name = CFNetwork.framework; path = System/Library/Frameworks/CFNetwork.framework; sourceTree = SDKROOT; };
		64BB69EF1715BB5700875601 /* Security.framework */ = {isa = PBXFileReference; lastKnownFileType = wrapper.framework; name = Security.framework; path = System/Library/Frameworks/Security.framework; sourceTree = SDKROOT; };
		64BB69F11715BB5F00875601 /* SystemConfiguration.framework */ = {isa = PBXFileReference; lastKnownFileType = wrapper.framework; name = SystemConfiguration.framework; path = System/Library/Frameworks/SystemConfiguration.framework; sourceTree = SDKROOT; };
		64BB69F31715BB6600875601 /* QuartzCore.framework */ = {isa = PBXFileReference; lastKnownFileType = wrapper.framework; name = QuartzCore.framework; path = System/Library/Frameworks/QuartzCore.framework; sourceTree = SDKROOT; };
		64BF705C19D6CD23001F8BCC /* en */ = {isa = PBXFileReference; lastKnownFileType = text.plist.strings; name = en; path = en.lproj/MicrophoneStrings.strings; sourceTree = "<group>"; };
		64BF705E19D6CD30001F8BCC /* fr */ = {isa = PBXFileReference; lastKnownFileType = text.plist.strings; name = fr; path = fr.lproj/MicrophoneStrings.strings; sourceTree = "<group>"; };
		64BF705F19D6CD34001F8BCC /* it */ = {isa = PBXFileReference; lastKnownFileType = text.plist.strings; name = it; path = it.lproj/MicrophoneStrings.strings; sourceTree = "<group>"; };
		64CB194217392B520014F35F /* AudioToolbox.framework */ = {isa = PBXFileReference; lastKnownFileType = wrapper.framework; name = AudioToolbox.framework; path = System/Library/Frameworks/AudioToolbox.framework; sourceTree = SDKROOT; };
		64CB194417392B710014F35F /* StoreKit.framework */ = {isa = PBXFileReference; lastKnownFileType = wrapper.framework; name = StoreKit.framework; path = System/Library/Frameworks/StoreKit.framework; sourceTree = SDKROOT; };
		64CB194617392B7C0014F35F /* MessageUI.framework */ = {isa = PBXFileReference; lastKnownFileType = wrapper.framework; name = MessageUI.framework; path = System/Library/Frameworks/MessageUI.framework; sourceTree = SDKROOT; };
		64CB194817392B860014F35F /* AdSupport.framework */ = {isa = PBXFileReference; lastKnownFileType = wrapper.framework; name = AdSupport.framework; path = System/Library/Frameworks/AdSupport.framework; sourceTree = SDKROOT; };
		64CB194A17392BAD0014F35F /* iAd.framework */ = {isa = PBXFileReference; lastKnownFileType = wrapper.framework; name = iAd.framework; path = System/Library/Frameworks/iAd.framework; sourceTree = SDKROOT; };
		64CEF2BB17D0E65900D3A58B /* Images.xcassets */ = {isa = PBXFileReference; lastKnownFileType = folder.assetcatalog; path = Images.xcassets; sourceTree = "<group>"; };
		64CEF2BD17D1F70900D3A58B /* libc++.dylib */ = {isa = PBXFileReference; lastKnownFileType = "compiled.mach-o.dylib"; name = "libc++.dylib"; path = "usr/lib/libc++.dylib"; sourceTree = SDKROOT; };
		64DE6C241727E5320031183A /* NSManagedObjectContext+FetchedObjectFromURI.h */ = {isa = PBXFileReference; fileEncoding = 4; lastKnownFileType = sourcecode.c.h; name = "NSManagedObjectContext+FetchedObjectFromURI.h"; path = "../common/iCloud/NSManagedObjectContext+FetchedObjectFromURI.h"; sourceTree = "<group>"; };
		64DE6C251727E5320031183A /* NSManagedObjectContext+FetchedObjectFromURI.m */ = {isa = PBXFileReference; fileEncoding = 4; lastKnownFileType = sourcecode.c.objc; name = "NSManagedObjectContext+FetchedObjectFromURI.m"; path = "../common/iCloud/NSManagedObjectContext+FetchedObjectFromURI.m"; sourceTree = "<group>"; };
		64E0AA4217E70ED9008BF0E3 /* In-App-Products.plist */ = {isa = PBXFileReference; fileEncoding = 4; lastKnownFileType = text.plist.xml; path = "In-App-Products.plist"; sourceTree = "<group>"; };
		64EB0EF71819144E00DD9924 /* autolink.c */ = {isa = PBXFileReference; fileEncoding = 4; lastKnownFileType = sourcecode.c.c; path = autolink.c; sourceTree = "<group>"; };
		64EB0EF81819144E00DD9924 /* autolink.h */ = {isa = PBXFileReference; fileEncoding = 4; lastKnownFileType = sourcecode.c.h; path = autolink.h; sourceTree = "<group>"; };
		64EB0EF91819144E00DD9924 /* buffer.c */ = {isa = PBXFileReference; fileEncoding = 4; lastKnownFileType = sourcecode.c.c; path = buffer.c; sourceTree = "<group>"; };
		64EB0EFA1819144E00DD9924 /* buffer.h */ = {isa = PBXFileReference; fileEncoding = 4; lastKnownFileType = sourcecode.c.h; path = buffer.h; sourceTree = "<group>"; };
		64EB0EFB1819144E00DD9924 /* houdini.h */ = {isa = PBXFileReference; fileEncoding = 4; lastKnownFileType = sourcecode.c.h; path = houdini.h; sourceTree = "<group>"; };
		64EB0EFC1819144E00DD9924 /* houdini_href_e.c */ = {isa = PBXFileReference; fileEncoding = 4; lastKnownFileType = sourcecode.c.c; path = houdini_href_e.c; sourceTree = "<group>"; };
		64EB0EFD1819144E00DD9924 /* houdini_html_e.c */ = {isa = PBXFileReference; fileEncoding = 4; lastKnownFileType = sourcecode.c.c; path = houdini_html_e.c; sourceTree = "<group>"; };
		64EB0EFE1819144E00DD9924 /* html.c */ = {isa = PBXFileReference; fileEncoding = 4; lastKnownFileType = sourcecode.c.c; path = html.c; sourceTree = "<group>"; };
		64EB0EFF1819144E00DD9924 /* html.h */ = {isa = PBXFileReference; fileEncoding = 4; lastKnownFileType = sourcecode.c.h; path = html.h; sourceTree = "<group>"; };
		64EB0F001819144E00DD9924 /* html_blocks.h */ = {isa = PBXFileReference; fileEncoding = 4; lastKnownFileType = sourcecode.c.h; path = html_blocks.h; sourceTree = "<group>"; };
		64EB0F011819144E00DD9924 /* html_smartypants.c */ = {isa = PBXFileReference; fileEncoding = 4; lastKnownFileType = sourcecode.c.c; path = html_smartypants.c; sourceTree = "<group>"; };
		64EB0F021819144E00DD9924 /* markdown.c */ = {isa = PBXFileReference; fileEncoding = 4; lastKnownFileType = sourcecode.c.c; path = markdown.c; sourceTree = "<group>"; };
		64EB0F031819144E00DD9924 /* markdown.h */ = {isa = PBXFileReference; fileEncoding = 4; lastKnownFileType = sourcecode.c.h; path = markdown.h; sourceTree = "<group>"; };
		64EB0F041819144E00DD9924 /* stack.c */ = {isa = PBXFileReference; fileEncoding = 4; lastKnownFileType = sourcecode.c.c; path = stack.c; sourceTree = "<group>"; };
		64EB0F051819144E00DD9924 /* stack.h */ = {isa = PBXFileReference; fileEncoding = 4; lastKnownFileType = sourcecode.c.h; path = stack.h; sourceTree = "<group>"; };
		64EB0F0E1819147100DD9924 /* MarkdownPreview.html */ = {isa = PBXFileReference; fileEncoding = 4; lastKnownFileType = text.html; name = MarkdownPreview.html; path = ../../common/MarkdownPreview.html; sourceTree = "<group>"; };
		64F31CC216E4AF9000A80BE0 /* Note.h */ = {isa = PBXFileReference; fileEncoding = 4; lastKnownFileType = sourcecode.c.h; name = Note.h; path = ../common/iCloud/Note.h; sourceTree = "<group>"; };
		64F31CC316E4AF9000A80BE0 /* Note.m */ = {isa = PBXFileReference; fileEncoding = 4; lastKnownFileType = sourcecode.c.objc; name = Note.m; path = ../common/iCloud/Note.m; sourceTree = "<group>"; };
		64F31CC816E5009B00A80BE0 /* Attachment.h */ = {isa = PBXFileReference; fileEncoding = 4; lastKnownFileType = sourcecode.c.h; name = Attachment.h; path = ../common/iCloud/Attachment.h; sourceTree = "<group>"; };
		64F31CC916E5009B00A80BE0 /* Attachment.m */ = {isa = PBXFileReference; fileEncoding = 4; lastKnownFileType = sourcecode.c.objc; name = Attachment.m; path = ../common/iCloud/Attachment.m; sourceTree = "<group>"; };
		64F9AC4B1704544800299C1B /* UIImage+FixOrientation.h */ = {isa = PBXFileReference; fileEncoding = 4; lastKnownFileType = sourcecode.c.h; path = "UIImage+FixOrientation.h"; sourceTree = "<group>"; };
		64F9AC4C1704544800299C1B /* UIImage+FixOrientation.m */ = {isa = PBXFileReference; fileEncoding = 4; lastKnownFileType = sourcecode.c.objc; path = "UIImage+FixOrientation.m"; sourceTree = "<group>"; };
/* End PBXFileReference section */

/* Begin PBXFrameworksBuildPhase section */
		64A0506916D28CCA0025E179 /* Frameworks */ = {
			isa = PBXFrameworksBuildPhase;
			buildActionMask = 2147483647;
			files = (
				645094991A74663A00B2B331 /* LocalAuthentication.framework in Frameworks */,
				647DEAF417E701D900D3EE57 /* MessageUI.framework in Frameworks */,
				6476C11017E0CE270094C4AB /* iAd.framework in Frameworks */,
				64CEF2BE17D1F70900D3A58B /* libc++.dylib in Frameworks */,
				645ED8AC1754F1640070F83B /* StoreKit.framework in Frameworks */,
				64BB69F41715BB6600875601 /* QuartzCore.framework in Frameworks */,
				64BB69F21715BB5F00875601 /* SystemConfiguration.framework in Frameworks */,
				64BB69F01715BB5700875601 /* Security.framework in Frameworks */,
				64BB69EE1715BB4A00875601 /* CFNetwork.framework in Frameworks */,
				64A7558E1702EFA70085933D /* AVFoundation.framework in Frameworks */,
				6416315916D831DB0004CB52 /* MobileCoreServices.framework in Frameworks */,
				640D40C216D6DFAF003034B3 /* CoreLocation.framework in Frameworks */,
				640D40C016D6DF92003034B3 /* CoreData.framework in Frameworks */,
				64A0507016D28CCA0025E179 /* UIKit.framework in Frameworks */,
				64A0507216D28CCA0025E179 /* Foundation.framework in Frameworks */,
				64A0507416D28CCA0025E179 /* CoreGraphics.framework in Frameworks */,
			);
			runOnlyForDeploymentPostprocessing = 0;
		};
/* End PBXFrameworksBuildPhase section */

/* Begin PBXGroup section */
		640D40BB16D5123C003034B3 /* Main View */ = {
			isa = PBXGroup;
			children = (
				64A0508A16D28CCA0025E179 /* IAMViewController.h */,
				6416315616D7DB830004CB52 /* IAMViewController.m */,
				640D40BC16D5128B003034B3 /* IAMNoteCell.h */,
				640D40BD16D5128B003034B3 /* IAMNoteCell.m */,
			);
			name = "Main View";
			sourceTree = "<group>";
		};
		64101E2816F087CF0086AD5F /* Themes */ = {
			isa = PBXGroup;
			children = (
				64BB200D16EA000E00FE6C77 /* GTThemer.h */,
				64BB200E16EA000E00FE6C77 /* GTThemer.m */,
			);
			name = Themes;
			sourceTree = "<group>";
		};
		641D954116E8CD8200A253E3 /* Note Edit */ = {
			isa = PBXGroup;
			children = (
				64B9B4A316D7801100607F39 /* IAMNoteEdit.h */,
				64B9B4A416D7801100607F39 /* IAMNoteEdit.m */,
				64A8A7E416E7B4770013AFFF /* IAMAttachmentCell.h */,
				64A8A7E516E7B4770013AFFF /* IAMAttachmentCell.m */,
				64A8A7E116E781EB0013AFFF /* IAMAddLinkViewController.h */,
				64A8A7E216E781EB0013AFFF /* IAMAddLinkViewController.m */,
				641D954216E8CF6E00A253E3 /* IAMAttachmentDetailViewController.h */,
				641D954316E8CF6E00A253E3 /* IAMAttachmentDetailViewController.m */,
				640A176818190D9500DB5788 /* IAMMarkdownPreViewController.h */,
				640A176918190D9500DB5788 /* IAMMarkdownPreViewController.m */,
			);
			name = "Note Edit";
			sourceTree = "<group>";
		};
		6421B45E1892DC7E008C7E46 /* RNCryptor */ = {
			isa = PBXGroup;
			children = (
				6421B45F1892DC7E008C7E46 /* RNCryptor+Private.h */,
				6421B4601892DC7E008C7E46 /* RNCryptor-Prefix.pch */,
				6421B4611892DC7E008C7E46 /* RNCryptor.h */,
				6421B4621892DC7E008C7E46 /* RNCryptor.m */,
				6421B4631892DC7E008C7E46 /* RNCryptorEngine.h */,
				6421B4641892DC7E008C7E46 /* RNCryptorEngine.m */,
				6421B4651892DC7E008C7E46 /* RNDecryptor.h */,
				6421B4661892DC7E008C7E46 /* RNDecryptor.m */,
				6421B4671892DC7E008C7E46 /* RNEncryptor.h */,
				6421B4681892DC7E008C7E46 /* RNEncryptor.m */,
			);
			name = RNCryptor;
			path = ../common/RNCryptor;
			sourceTree = "<group>";
		};
		6421B4701892DC94008C7E46 /* STKeychain */ = {
			isa = PBXGroup;
			children = (
				6421B46D1892DC8F008C7E46 /* STKeychain.h */,
				6421B46E1892DC8F008C7E46 /* STKeychain.m */,
			);
			name = STKeychain;
			sourceTree = "<group>";
		};
		6433103F16E0A8950064EC5C /* Utilities (iOS) */ = {
			isa = PBXGroup;
			children = (
				64773E721922837600205D45 /* THPinViewController */,
				6410E1C917E85D2000B568D0 /* GTTransientMessage.h */,
				6410E1CA17E85D2000B568D0 /* GTTransientMessage.m */,
				648A2771171D875000338218 /* MBProgressHUD.h */,
				648A2772171D875000338218 /* MBProgressHUD.m */,
				6416315B16D8345F0004CB52 /* UIImage+RoundedCorner.h */,
				6416315C16D8345F0004CB52 /* UIImage+RoundedCorner.m */,
				64F9AC4B1704544800299C1B /* UIImage+FixOrientation.h */,
				64F9AC4C1704544800299C1B /* UIImage+FixOrientation.m */,
			);
			name = "Utilities (iOS)";
			path = Utilities;
			sourceTree = "<group>";
		};
		646602A216DBD373007622FC /* Images */ = {
			isa = PBXGroup;
			children = (
				645A7E6218183846003C9D5A /* link-browser-big.png */,
				645A7E6318183846003C9D5A /* link-browser-big@2x.png */,
				645A7E6418183846003C9D5A /* link-browser.png */,
				645A7E6518183846003C9D5A /* link-browser@2x.png */,
				64A75564170212A40085933D /* link-microphone.png */,
				64A75565170212A40085933D /* link-microphone@2x.png */,
				645ED8AD1754F7730070F83B /* link-microphone-big.png */,
				645ED8AE1754F7730070F83B /* link-microphone-big@2x.png */,
				64A8A7EB16E7BCF90013AFFF /* link-unknown-big.png */,
				64A8A7EC16E7BCF90013AFFF /* link-unknown-big@2x.png */,
				64A8A7D816E738A30013AFFF /* link-icon.png */,
				64A8A7D916E738A30013AFFF /* link-icon@2x.png */,
				64A8A7E716E7B6010013AFFF /* link-icon-big.png */,
				64A8A7E816E7B6010013AFFF /* link-icon-big@2x.png */,
				6447056C16DD0FC4000A0262 /* SmallRow.png */,
				6447056D16DD0FC4000A0262 /* SmallRow@2x.png */,
			);
			name = Images;
			sourceTree = "<group>";
		};
		64773E721922837600205D45 /* THPinViewController */ = {
			isa = PBXGroup;
			children = (
				64773E731922837600205D45 /* THPinViewController.strings */,
				64773E791922837600205D45 /* THPinInputCirclesView.h */,
				64773E7A1922837600205D45 /* THPinInputCirclesView.m */,
				64773E7B1922837600205D45 /* THPinInputCircleView.h */,
				64773E7C1922837600205D45 /* THPinInputCircleView.m */,
				64773E7D1922837600205D45 /* THPinNumButton.h */,
				64773E7E1922837600205D45 /* THPinNumButton.m */,
				64773E7F1922837600205D45 /* THPinNumPadView.h */,
				64773E801922837600205D45 /* THPinNumPadView.m */,
				64773E811922837600205D45 /* THPinView.h */,
				64773E821922837600205D45 /* THPinView.m */,
				64773E831922837600205D45 /* THPinViewController.h */,
				64773E841922837600205D45 /* THPinViewController.m */,
			);
			name = THPinViewController;
			path = ../../../THPinViewController/THPinViewController;
			sourceTree = "<group>";
		};
		64845FE316E019F20046BE9C /* Utilities (common) */ = {
			isa = PBXGroup;
			children = (
				6421B4701892DC94008C7E46 /* STKeychain */,
				6421B45E1892DC7E008C7E46 /* RNCryptor */,
				64EB0EF61819144E00DD9924 /* sundown */,
			);
			name = "Utilities (common)";
			sourceTree = "<group>";
		};
		64896D2A184F334C00AE5EEF /* Preferences */ = {
			isa = PBXGroup;
			children = (
				64027D7916DD7CB800DEA647 /* IAMPreferencesController.h */,
				64027D7A16DD7CB800DEA647 /* IAMPreferencesController.m */,
			);
			name = Preferences;
			sourceTree = "<group>";
		};
		64896D2E184F336D00AE5EEF /* Books Selection */ = {
			isa = PBXGroup;
			children = (
				64896D2B184F336800AE5EEF /* IAMBooksSelectionViewController.h */,
				64896D2C184F336800AE5EEF /* IAMBooksSelectionViewController.m */,
				641858C01850DC8D00E855F0 /* IAMAddBookViewController.h */,
				641858C11850DC8D00E855F0 /* IAMAddBookViewController.m */,
			);
			name = "Books Selection";
			sourceTree = "<group>";
		};
		649DCE9A16D28D30003F5A83 /* CoreData (common) */ = {
			isa = PBXGroup;
			children = (
				6421B4711892DCC4008C7E46 /* NSManagedObject+Serialization.h */,
				6421B4721892DCC4008C7E46 /* NSManagedObject+Serialization.m */,
				64522F3618476D9900D65289 /* Books.h */,
				64522F3718476D9900D65289 /* Books.m */,
				64522F3818476D9900D65289 /* PublishedOn.h */,
				64522F3918476D9900D65289 /* PublishedOn.m */,
				64522F3A18476D9900D65289 /* Site.h */,
				64522F3B18476D9900D65289 /* Site.m */,
				64522F3C18476D9900D65289 /* Tags.h */,
				64522F3D18476D9900D65289 /* Tags.m */,
				64DE6C241727E5320031183A /* NSManagedObjectContext+FetchedObjectFromURI.h */,
				64DE6C251727E5320031183A /* NSManagedObjectContext+FetchedObjectFromURI.m */,
				649DCE9E16D28DB7003F5A83 /* IAmMine.xcdatamodeld */,
				64F31CC816E5009B00A80BE0 /* Attachment.h */,
				64F31CC916E5009B00A80BE0 /* Attachment.m */,
				64F31CC216E4AF9000A80BE0 /* Note.h */,
				64F31CC316E4AF9000A80BE0 /* Note.m */,
			);
			name = "CoreData (common)";
			sourceTree = "<group>";
		};
		64A0506316D28CCA0025E179 = {
			isa = PBXGroup;
			children = (
				64845FE316E019F20046BE9C /* Utilities (common) */,
				649DCE9A16D28D30003F5A83 /* CoreData (common) */,
				64A0507516D28CCA0025E179 /* iTurms */,
				64A0506E16D28CCA0025E179 /* Frameworks */,
				64A0506D16D28CCA0025E179 /* Products */,
			);
			sourceTree = "<group>";
		};
		64A0506D16D28CCA0025E179 /* Products */ = {
			isa = PBXGroup;
			children = (
				64A0506C16D28CCA0025E179 /* iTurms.app */,
			);
			name = Products;
			sourceTree = "<group>";
		};
		64A0506E16D28CCA0025E179 /* Frameworks */ = {
			isa = PBXGroup;
			children = (
				645094981A74663A00B2B331 /* LocalAuthentication.framework */,
				64CEF2BD17D1F70900D3A58B /* libc++.dylib */,
				64CB194A17392BAD0014F35F /* iAd.framework */,
				64CB194817392B860014F35F /* AdSupport.framework */,
				64CB194617392B7C0014F35F /* MessageUI.framework */,
				64CB194417392B710014F35F /* StoreKit.framework */,
				64CB194217392B520014F35F /* AudioToolbox.framework */,
				64BB69F31715BB6600875601 /* QuartzCore.framework */,
				64BB69F11715BB5F00875601 /* SystemConfiguration.framework */,
				64BB69EF1715BB5700875601 /* Security.framework */,
				64BB69ED1715BB4A00875601 /* CFNetwork.framework */,
				64A7558D1702EFA70085933D /* AVFoundation.framework */,
				6416315816D831DB0004CB52 /* MobileCoreServices.framework */,
				640D40C116D6DFAF003034B3 /* CoreLocation.framework */,
				640D40BF16D6DF92003034B3 /* CoreData.framework */,
				64A0506F16D28CCA0025E179 /* UIKit.framework */,
				64A0507116D28CCA0025E179 /* Foundation.framework */,
				64A0507316D28CCA0025E179 /* CoreGraphics.framework */,
			);
			name = Frameworks;
			sourceTree = "<group>";
		};
		64A0507516D28CCA0025E179 /* iTurms */ = {
			isa = PBXGroup;
			children = (
				64A755681702137A0085933D /* AudioRecord */,
				6433103F16E0A8950064EC5C /* Utilities (iOS) */,
				646602A216DBD373007622FC /* Images */,
				64896D2E184F336D00AE5EEF /* Books Selection */,
				640D40BB16D5123C003034B3 /* Main View */,
				64A0507E16D28CCA0025E179 /* IAMAppDelegate.h */,
				64A0507F16D28CCA0025E179 /* IAMAppDelegate.m */,
				64101E2816F087CF0086AD5F /* Themes */,
				64A0508716D28CCA0025E179 /* MainStoryboard.storyboard */,
				641A5EFB16ED463B00D3440C /* MainStoryboard_iPad.storyboard */,
				641D954116E8CD8200A253E3 /* Note Edit */,
				64896D2A184F334C00AE5EEF /* Preferences */,
				64A0507616D28CCA0025E179 /* Supporting Files */,
			);
			path = iTurms;
			sourceTree = "<group>";
		};
		64A0507616D28CCA0025E179 /* Supporting Files */ = {
			isa = PBXGroup;
			children = (
				64EB0F0E1819147100DD9924 /* MarkdownPreview.html */,
				64CEF2BB17D0E65900D3A58B /* Images.xcassets */,
				64B56852174658B3006D04C4 /* readme.txt */,
				645A13A01701BFC800CCB4FB /* iTurms.entitlements */,
				64A0507716D28CCA0025E179 /* iTurms-Info.plist */,
				64A0507816D28CCA0025E179 /* InfoPlist.strings */,
				64A0507B16D28CCA0025E179 /* main.m */,
				64A0507D16D28CCA0025E179 /* iTurms-Prefix.pch */,
				64E0AA4217E70ED9008BF0E3 /* In-App-Products.plist */,
			);
			name = "Supporting Files";
			sourceTree = "<group>";
		};
		64A755681702137A0085933D /* AudioRecord */ = {
			isa = PBXGroup;
			children = (
				64BF705D19D6CD23001F8BCC /* MicrophoneStrings.strings */,
				64A755691702137A0085933D /* BigMic.png */,
				64A7556A1702137A0085933D /* BigMic@2x.png */,
				64A7556D1702137A0085933D /* FloatingWindow.textClipping */,
				64A755701702137A0085933D /* MicrophoneBackground.png */,
				64A755711702137A0085933D /* MicrophoneWindow-iPad.xib */,
				64A755721702137A0085933D /* MicrophoneWindow.h */,
				64A755731702137A0085933D /* MicrophoneWindow.m */,
				64A755741702137A0085933D /* MicrophoneWindow.xib */,
				64A755751702137A0085933D /* one.png */,
				64A755761702137A0085933D /* one@2x.png */,
				64A755771702137A0085933D /* Speaker.png */,
				64A755781702137A0085933D /* Speaker@2x.png */,
				64A755791702137A0085933D /* three.png */,
				64A7557A1702137A0085933D /* three@2x.png */,
				64A7557B1702137A0085933D /* two.png */,
				64A7557C1702137A0085933D /* two@2x.png */,
			);
			path = AudioRecord;
			sourceTree = "<group>";
		};
		64EB0EF61819144E00DD9924 /* sundown */ = {
			isa = PBXGroup;
			children = (
				64EB0EF71819144E00DD9924 /* autolink.c */,
				64EB0EF81819144E00DD9924 /* autolink.h */,
				64EB0EF91819144E00DD9924 /* buffer.c */,
				64EB0EFA1819144E00DD9924 /* buffer.h */,
				64EB0EFB1819144E00DD9924 /* houdini.h */,
				64EB0EFC1819144E00DD9924 /* houdini_href_e.c */,
				64EB0EFD1819144E00DD9924 /* houdini_html_e.c */,
				64EB0EFE1819144E00DD9924 /* html.c */,
				64EB0EFF1819144E00DD9924 /* html.h */,
				64EB0F001819144E00DD9924 /* html_blocks.h */,
				64EB0F011819144E00DD9924 /* html_smartypants.c */,
				64EB0F021819144E00DD9924 /* markdown.c */,
				64EB0F031819144E00DD9924 /* markdown.h */,
				64EB0F041819144E00DD9924 /* stack.c */,
				64EB0F051819144E00DD9924 /* stack.h */,
			);
			name = sundown;
			path = ../common/sundown;
			sourceTree = "<group>";
		};
/* End PBXGroup section */

/* Begin PBXNativeTarget section */
		64A0506B16D28CCA0025E179 /* iTurms */ = {
			isa = PBXNativeTarget;
			buildConfigurationList = 64A0508F16D28CCA0025E179 /* Build configuration list for PBXNativeTarget "iTurms" */;
			buildPhases = (
				64A0506816D28CCA0025E179 /* Sources */,
				64A0506916D28CCA0025E179 /* Frameworks */,
				64A0506A16D28CCA0025E179 /* Resources */,
			);
			buildRules = (
			);
			dependencies = (
			);
			name = iTurms;
			productName = "I Am Mine";
			productReference = 64A0506C16D28CCA0025E179 /* iTurms.app */;
			productType = "com.apple.product-type.application";
		};
/* End PBXNativeTarget section */

/* Begin PBXProject section */
		64A0506416D28CCA0025E179 /* Project object */ = {
			isa = PBXProject;
			attributes = {
				CLASSPREFIX = IAM;
				LastUpgradeCheck = 0510;
				ORGANIZATIONNAME = "Giacomo Tufano";
				TargetAttributes = {
					64A0506B16D28CCA0025E179 = {
						DevelopmentTeam = 6483W56522;
						SystemCapabilities = {
							com.apple.DataProtection = {
								enabled = 1;
							};
							com.apple.Keychain = {
								enabled = 0;
							};
							com.apple.iCloud = {
								enabled = 1;
							};
						};
					};
				};
			};
			buildConfigurationList = 64A0506716D28CCA0025E179 /* Build configuration list for PBXProject "iTurms" */;
			compatibilityVersion = "Xcode 3.2";
			developmentRegion = English;
			hasScannedForEncodings = 0;
			knownRegions = (
				en,
				English,
				French,
				Italian,
				cs,
				da,
				de,
				es,
				fr,
				it,
				ja,
				ko,
				nl,
				pl,
				pt,
				ru,
				sv,
				"zh-Hans",
				"zh-Hant",
			);
			mainGroup = 64A0506316D28CCA0025E179;
			productRefGroup = 64A0506D16D28CCA0025E179 /* Products */;
			projectDirPath = "";
			projectRoot = "";
			targets = (
				64A0506B16D28CCA0025E179 /* iTurms */,
			);
		};
/* End PBXProject section */

/* Begin PBXResourcesBuildPhase section */
		64A0506A16D28CCA0025E179 /* Resources */ = {
			isa = PBXResourcesBuildPhase;
			buildActionMask = 2147483647;
			files = (
				64A0507A16D28CCA0025E179 /* InfoPlist.strings in Resources */,
				64A0508916D28CCA0025E179 /* MainStoryboard.storyboard in Resources */,
				6447056E16DD0FC4000A0262 /* SmallRow.png in Resources */,
				6447056F16DD0FC4000A0262 /* SmallRow@2x.png in Resources */,
				645A7E6918183846003C9D5A /* link-browser@2x.png in Resources */,
				64BF705B19D6CD23001F8BCC /* MicrophoneStrings.strings in Resources */,
				64A8A7DC16E738A30013AFFF /* link-icon.png in Resources */,
				64A8A7DD16E738A30013AFFF /* link-icon@2x.png in Resources */,
				64A8A7E916E7B6010013AFFF /* link-icon-big.png in Resources */,
				64A8A7EA16E7B6010013AFFF /* link-icon-big@2x.png in Resources */,
				64A8A7ED16E7BCF90013AFFF /* link-unknown-big.png in Resources */,
				64A8A7EE16E7BCF90013AFFF /* link-unknown-big@2x.png in Resources */,
				641A5EFC16ED463B00D3440C /* MainStoryboard_iPad.storyboard in Resources */,
				64A75566170212A40085933D /* link-microphone.png in Resources */,
				64A75567170212A40085933D /* link-microphone@2x.png in Resources */,
				64A7557D1702137A0085933D /* BigMic.png in Resources */,
				645A7E6818183846003C9D5A /* link-browser.png in Resources */,
				64A7557E1702137A0085933D /* BigMic@2x.png in Resources */,
				645A7E6718183846003C9D5A /* link-browser-big@2x.png in Resources */,
				64A755801702137A0085933D /* FloatingWindow.textClipping in Resources */,
				64CEF2BC17D0E65900D3A58B /* Images.xcassets in Resources */,
				64A755811702137A0085933D /* MicrophoneBackground.png in Resources */,
				64A755821702137A0085933D /* MicrophoneWindow-iPad.xib in Resources */,
				64A755841702137A0085933D /* MicrophoneWindow.xib in Resources */,
				64A755851702137A0085933D /* one.png in Resources */,
				64EB0F0F1819147100DD9924 /* MarkdownPreview.html in Resources */,
				64A755861702137A0085933D /* one@2x.png in Resources */,
				64A755871702137A0085933D /* Speaker.png in Resources */,
				64A755881702137A0085933D /* Speaker@2x.png in Resources */,
				64A755891702137A0085933D /* three.png in Resources */,
				64A7558A1702137A0085933D /* three@2x.png in Resources */,
				64A7558B1702137A0085933D /* two.png in Resources */,
				64A7558C1702137A0085933D /* two@2x.png in Resources */,
				64B56853174658B3006D04C4 /* readme.txt in Resources */,
				64E0AA4317E70ED9008BF0E3 /* In-App-Products.plist in Resources */,
				645A7E6618183846003C9D5A /* link-browser-big.png in Resources */,
				64773E851922837600205D45 /* THPinViewController.strings in Resources */,
				645ED8AF1754F7730070F83B /* link-microphone-big.png in Resources */,
				645ED8B01754F7730070F83B /* link-microphone-big@2x.png in Resources */,
			);
			runOnlyForDeploymentPostprocessing = 0;
		};
/* End PBXResourcesBuildPhase section */

/* Begin PBXSourcesBuildPhase section */
		64A0506816D28CCA0025E179 /* Sources */ = {
			isa = PBXSourcesBuildPhase;
			buildActionMask = 2147483647;
			files = (
				64A0507C16D28CCA0025E179 /* main.m in Sources */,
				64EB0F091819144E00DD9924 /* houdini_html_e.c in Sources */,
				64A0508016D28CCA0025E179 /* IAMAppDelegate.m in Sources */,
				64EB0F061819144E00DD9924 /* autolink.c in Sources */,
				64EB0F0B1819144E00DD9924 /* html_smartypants.c in Sources */,
				6421B4691892DC7E008C7E46 /* RNCryptor.m in Sources */,
				6421B46C1892DC7E008C7E46 /* RNEncryptor.m in Sources */,
				64773E8B1922837600205D45 /* THPinViewController.m in Sources */,
				64522F4118476D9900D65289 /* Tags.m in Sources */,
				649DCEA016D28DB8003F5A83 /* IAmMine.xcdatamodeld in Sources */,
				64522F3E18476D9900D65289 /* Books.m in Sources */,
				640D40BE16D5128B003034B3 /* IAMNoteCell.m in Sources */,
				641858C21850DC8D00E855F0 /* IAMAddBookViewController.m in Sources */,
				64B9B4A516D7801100607F39 /* IAMNoteEdit.m in Sources */,
				6421B46B1892DC7E008C7E46 /* RNDecryptor.m in Sources */,
				6416315716D7DB830004CB52 /* IAMViewController.m in Sources */,
				64773E861922837600205D45 /* THPinInputCirclesView.m in Sources */,
				6416315D16D8345F0004CB52 /* UIImage+RoundedCorner.m in Sources */,
				64027D7B16DD7CB800DEA647 /* IAMPreferencesController.m in Sources */,
				64773E881922837600205D45 /* THPinNumButton.m in Sources */,
				64522F3F18476D9900D65289 /* PublishedOn.m in Sources */,
				64F31CC416E4AF9000A80BE0 /* Note.m in Sources */,
				6421B46A1892DC7E008C7E46 /* RNCryptorEngine.m in Sources */,
				64896D2D184F336800AE5EEF /* IAMBooksSelectionViewController.m in Sources */,
				64773E871922837600205D45 /* THPinInputCircleView.m in Sources */,
				64F31CCA16E5009B00A80BE0 /* Attachment.m in Sources */,
				64A8A7E316E781EB0013AFFF /* IAMAddLinkViewController.m in Sources */,
				64EB0F081819144E00DD9924 /* houdini_href_e.c in Sources */,
				6421B4731892DCC4008C7E46 /* NSManagedObject+Serialization.m in Sources */,
				64EB0F0D1819144E00DD9924 /* stack.c in Sources */,
				6421B46F1892DC8F008C7E46 /* STKeychain.m in Sources */,
				64A8A7E616E7B4770013AFFF /* IAMAttachmentCell.m in Sources */,
				641D954416E8CF6E00A253E3 /* IAMAttachmentDetailViewController.m in Sources */,
				6410E1CB17E85D2000B568D0 /* GTTransientMessage.m in Sources */,
				64522F4018476D9900D65289 /* Site.m in Sources */,
				64EB0F0A1819144E00DD9924 /* html.c in Sources */,
				64BB200F16EA000E00FE6C77 /* GTThemer.m in Sources */,
				64A755831702137A0085933D /* MicrophoneWindow.m in Sources */,
				64F9AC4D1704544800299C1B /* UIImage+FixOrientation.m in Sources */,
				648A2773171D875000338218 /* MBProgressHUD.m in Sources */,
				64DE6C261727E5320031183A /* NSManagedObjectContext+FetchedObjectFromURI.m in Sources */,
				64773E891922837600205D45 /* THPinNumPadView.m in Sources */,
				64EB0F0C1819144E00DD9924 /* markdown.c in Sources */,
				640A176A18190D9500DB5788 /* IAMMarkdownPreViewController.m in Sources */,
				64773E8A1922837600205D45 /* THPinView.m in Sources */,
				64EB0F071819144E00DD9924 /* buffer.c in Sources */,
			);
			runOnlyForDeploymentPostprocessing = 0;
		};
/* End PBXSourcesBuildPhase section */

/* Begin PBXVariantGroup section */
		64773E731922837600205D45 /* THPinViewController.strings */ = {
			isa = PBXVariantGroup;
			children = (
				64773E741922837600205D45 /* de */,
				64773E751922837600205D45 /* en */,
				64773E761922837600205D45 /* es */,
				64773E771922837600205D45 /* fr */,
				64773E781922837600205D45 /* it */,
			);
			name = THPinViewController.strings;
			sourceTree = "<group>";
		};
		64A0507816D28CCA0025E179 /* InfoPlist.strings */ = {
			isa = PBXVariantGroup;
			children = (
				64A0507916D28CCA0025E179 /* en */,
			);
			name = InfoPlist.strings;
			sourceTree = "<group>";
		};
		64A0508716D28CCA0025E179 /* MainStoryboard.storyboard */ = {
			isa = PBXVariantGroup;
			children = (
				64A0508816D28CCA0025E179 /* en */,
			);
			name = MainStoryboard.storyboard;
			sourceTree = "<group>";
		};
		64BF705D19D6CD23001F8BCC /* MicrophoneStrings.strings */ = {
			isa = PBXVariantGroup;
			children = (
				64BF705C19D6CD23001F8BCC /* en */,
				64BF705E19D6CD30001F8BCC /* fr */,
				64BF705F19D6CD34001F8BCC /* it */,
			);
			name = MicrophoneStrings.strings;
			sourceTree = "<group>";
		};
/* End PBXVariantGroup section */

/* Begin XCBuildConfiguration section */
		64A0508D16D28CCA0025E179 /* Debug */ = {
			isa = XCBuildConfiguration;
			buildSettings = {
				ALWAYS_SEARCH_USER_PATHS = NO;
				CLANG_CXX_LANGUAGE_STANDARD = "gnu++0x";
				CLANG_CXX_LIBRARY = "libc++";
				CLANG_ENABLE_OBJC_ARC = YES;
				CLANG_WARN_CONSTANT_CONVERSION = YES;
				CLANG_WARN_EMPTY_BODY = YES;
				CLANG_WARN_ENUM_CONVERSION = YES;
				CLANG_WARN_INT_CONVERSION = YES;
				CLANG_WARN__DUPLICATE_METHOD_MATCH = YES;
				"CODE_SIGN_IDENTITY[sdk=iphoneos*]" = "iPhone Developer";
				COPY_PHASE_STRIP = NO;
				GCC_C_LANGUAGE_STANDARD = gnu99;
				GCC_DYNAMIC_NO_PIC = NO;
				GCC_OPTIMIZATION_LEVEL = 0;
				GCC_PREPROCESSOR_DEFINITIONS = (
					"DEBUG=1",
					"$(inherited)",
				);
				GCC_SYMBOLS_PRIVATE_EXTERN = NO;
				GCC_WARN_ABOUT_RETURN_TYPE = YES;
				GCC_WARN_UNINITIALIZED_AUTOS = YES;
				GCC_WARN_UNUSED_VARIABLE = YES;
				IPHONEOS_DEPLOYMENT_TARGET = 8.0;
				ONLY_ACTIVE_ARCH = YES;
				SDKROOT = iphoneos;
			};
			name = Debug;
		};
		64A0508E16D28CCA0025E179 /* Release */ = {
			isa = XCBuildConfiguration;
			buildSettings = {
				ALWAYS_SEARCH_USER_PATHS = NO;
				CLANG_CXX_LANGUAGE_STANDARD = "gnu++0x";
				CLANG_CXX_LIBRARY = "libc++";
				CLANG_ENABLE_OBJC_ARC = YES;
				CLANG_WARN_CONSTANT_CONVERSION = YES;
				CLANG_WARN_EMPTY_BODY = YES;
				CLANG_WARN_ENUM_CONVERSION = YES;
				CLANG_WARN_INT_CONVERSION = YES;
				CLANG_WARN__DUPLICATE_METHOD_MATCH = YES;
				"CODE_SIGN_IDENTITY[sdk=iphoneos*]" = "iPhone Developer";
				COPY_PHASE_STRIP = YES;
				GCC_C_LANGUAGE_STANDARD = gnu99;
				GCC_WARN_ABOUT_RETURN_TYPE = YES;
				GCC_WARN_UNINITIALIZED_AUTOS = YES;
				GCC_WARN_UNUSED_VARIABLE = YES;
				IPHONEOS_DEPLOYMENT_TARGET = 8.0;
				OTHER_CFLAGS = "-DNS_BLOCK_ASSERTIONS=1";
				SDKROOT = iphoneos;
				VALIDATE_PRODUCT = YES;
			};
			name = Release;
		};
		64A0509016D28CCA0025E179 /* Debug */ = {
			isa = XCBuildConfiguration;
			buildSettings = {
				ASSETCATALOG_COMPILER_APPICON_NAME = AppIcon;
				ASSETCATALOG_COMPILER_LAUNCHIMAGE_NAME = LaunchImage;
				CLANG_ENABLE_MODULES = YES;
				CODE_SIGN_ENTITLEMENTS = iTurms.entitlements;
				CODE_SIGN_IDENTITY = "iPhone Developer";
				"CODE_SIGN_IDENTITY[sdk=iphoneos*]" = "iPhone Developer";
				FRAMEWORK_SEARCH_PATHS = (
					"$(inherited)",
					"\"$(SRCROOT)\"",
				);
				GCC_PRECOMPILE_PREFIX_HEADER = YES;
				GCC_PREFIX_HEADER = "iTurms/iTurms-Prefix.pch";
				INFOPLIST_FILE = "iTurms/iTurms-Info.plist";
				IPHONEOS_DEPLOYMENT_TARGET = 8.0;
				LIBRARY_SEARCH_PATHS = "$(inherited)";
				PRODUCT_NAME = iTurms;
				PROVISIONING_PROFILE = "a6a30401-adb3-4c31-ad79-560b2c538350";
				TARGETED_DEVICE_FAMILY = "1,2";
				WRAPPER_EXTENSION = app;
			};
			name = Debug;
		};
		64A0509116D28CCA0025E179 /* Release */ = {
			isa = XCBuildConfiguration;
			buildSettings = {
				ASSETCATALOG_COMPILER_APPICON_NAME = AppIcon;
				ASSETCATALOG_COMPILER_LAUNCHIMAGE_NAME = LaunchImage;
				CLANG_ENABLE_MODULES = YES;
				CODE_SIGN_ENTITLEMENTS = iTurms.entitlements;
				CODE_SIGN_IDENTITY = "iPhone Developer";
				"CODE_SIGN_IDENTITY[sdk=iphoneos*]" = "iPhone Developer";
				FRAMEWORK_SEARCH_PATHS = (
					"$(inherited)",
					"\"$(SRCROOT)\"",
				);
				GCC_PRECOMPILE_PREFIX_HEADER = YES;
				GCC_PREFIX_HEADER = "iTurms/iTurms-Prefix.pch";
				INFOPLIST_FILE = "iTurms/iTurms-Info.plist";
				IPHONEOS_DEPLOYMENT_TARGET = 8.0;
				LIBRARY_SEARCH_PATHS = "$(inherited)";
				PRODUCT_NAME = iTurms;
				PROVISIONING_PROFILE = "a6a30401-adb3-4c31-ad79-560b2c538350";
				TARGETED_DEVICE_FAMILY = "1,2";
				WRAPPER_EXTENSION = app;
			};
			name = Release;
		};
/* End XCBuildConfiguration section */

/* Begin XCConfigurationList section */
		64A0506716D28CCA0025E179 /* Build configuration list for PBXProject "iTurms" */ = {
			isa = XCConfigurationList;
			buildConfigurations = (
				64A0508D16D28CCA0025E179 /* Debug */,
				64A0508E16D28CCA0025E179 /* Release */,
			);
			defaultConfigurationIsVisible = 0;
			defaultConfigurationName = Release;
		};
		64A0508F16D28CCA0025E179 /* Build configuration list for PBXNativeTarget "iTurms" */ = {
			isa = XCConfigurationList;
			buildConfigurations = (
				64A0509016D28CCA0025E179 /* Debug */,
				64A0509116D28CCA0025E179 /* Release */,
			);
			defaultConfigurationIsVisible = 0;
			defaultConfigurationName = Release;
		};
/* End XCConfigurationList section */

/* Begin XCVersionGroup section */
		649DCE9E16D28DB7003F5A83 /* IAmMine.xcdatamodeld */ = {
			isa = XCVersionGroup;
			children = (
				649DCE9F16D28DB7003F5A83 /* IAmMine.xcdatamodel */,
			);
			currentVersion = 649DCE9F16D28DB7003F5A83 /* IAmMine.xcdatamodel */;
			name = IAmMine.xcdatamodeld;
			path = ../common/iCloud/IAmMine.xcdatamodeld;
			sourceTree = "<group>";
			versionGroupType = wrapper.xcdatamodel;
		};
/* End XCVersionGroup section */
	};
	rootObject = 64A0506416D28CCA0025E179 /* Project object */;
}
